// !$*UTF8*$!
{
	archiveVersion = 1;
	classes = {
	};
	objectVersion = 55;
	objects = {

/* Begin PBXBuildFile section */
		1DDE6DAB87E9F15EAEAD8A1B /* Pods_FogFog_iOS.framework in Frameworks */ = {isa = PBXBuildFile; fileRef = 44BDDCB91FAFFFC51A0C1A4C /* Pods_FogFog_iOS.framework */; };
		35919B344F294722AA448E4E /* Pods_FogFog_iOS_FogFog_iOSUITests.framework in Frameworks */ = {isa = PBXBuildFile; fileRef = D67B489E657987D4A7AD92C7 /* Pods_FogFog_iOS_FogFog_iOSUITests.framework */; };
		56E6DAD19F1058E2F6B779B7 /* Pods_FogFog_iOSTests.framework in Frameworks */ = {isa = PBXBuildFile; fileRef = 848DD0928406FC10714344E4 /* Pods_FogFog_iOSTests.framework */; };
		772577D929349212008273A7 /* RxKeyboard in Frameworks */ = {isa = PBXBuildFile; productRef = 772577D829349212008273A7 /* RxKeyboard */; };
		772577DC2934924E008273A7 /* RxGesture in Frameworks */ = {isa = PBXBuildFile; productRef = 772577DB2934924E008273A7 /* RxGesture */; };
		7761D4F4292F3471003971DC /* MakeNicknameViewController.swift in Sources */ = {isa = PBXBuildFile; fileRef = 7761D4F3292F3471003971DC /* MakeNicknameViewController.swift */; };
		7761D4F6292F3749003971DC /* FogNavigationView.swift in Sources */ = {isa = PBXBuildFile; fileRef = 7761D4F5292F3749003971DC /* FogNavigationView.swift */; };
		77D32D41292A0EDD006E6314 /* ViewModelType.swift in Sources */ = {isa = PBXBuildFile; fileRef = 77D32D40292A0EDD006E6314 /* ViewModelType.swift */; };
		77D32D43292CD6A3006E6314 /* SideBarView.swift in Sources */ = {isa = PBXBuildFile; fileRef = 77D32D42292CD6A2006E6314 /* SideBarView.swift */; };
		77E70F462930951100F55CD7 /* UITextField + Extension.swift in Sources */ = {isa = PBXBuildFile; fileRef = 77E70F452930951100F55CD7 /* UITextField + Extension.swift */; };
		77E70F4829309A6D00F55CD7 /* UILabel + Extension.swift in Sources */ = {isa = PBXBuildFile; fileRef = 77E70F4729309A6D00F55CD7 /* UILabel + Extension.swift */; };
		77E70F4A2930D0FA00F55CD7 /* MakeNicknameViewModel.swift in Sources */ = {isa = PBXBuildFile; fileRef = 77E70F492930D0FA00F55CD7 /* MakeNicknameViewModel.swift */; };
		77F1D82229269CC800F31D0C /* UIColor + Extension.swift in Sources */ = {isa = PBXBuildFile; fileRef = 77F1D82129269CC800F31D0C /* UIColor + Extension.swift */; };
		77F1D82429269E1C00F31D0C /* UIView + Extension.swift in Sources */ = {isa = PBXBuildFile; fileRef = 77F1D82329269E1C00F31D0C /* UIView + Extension.swift */; };
		77F1D8252926AAD300F31D0C /* Pretendard-Black.otf in Resources */ = {isa = PBXBuildFile; fileRef = ECA4259029229A05004DFDAF /* Pretendard-Black.otf */; };
		77F1D8262926AAD600F31D0C /* Pretendard-Bold.otf in Resources */ = {isa = PBXBuildFile; fileRef = ECA4259329229A05004DFDAF /* Pretendard-Bold.otf */; };
		77F1D8272926AAD900F31D0C /* Pretendard-ExtraBold.otf in Resources */ = {isa = PBXBuildFile; fileRef = ECA4258F29229A05004DFDAF /* Pretendard-ExtraBold.otf */; };
		77F1D8282926AADB00F31D0C /* Pretendard-ExtraLight.otf in Resources */ = {isa = PBXBuildFile; fileRef = ECA4259229229A05004DFDAF /* Pretendard-ExtraLight.otf */; };
		77F1D8292926AADD00F31D0C /* Pretendard-Light.otf in Resources */ = {isa = PBXBuildFile; fileRef = ECA4258E29229A05004DFDAF /* Pretendard-Light.otf */; };
		77F1D82A2926AAE000F31D0C /* Pretendard-Medium.otf in Resources */ = {isa = PBXBuildFile; fileRef = ECA4259529229A05004DFDAF /* Pretendard-Medium.otf */; };
		77F1D82B2926AAE200F31D0C /* Pretendard-Regular.otf in Resources */ = {isa = PBXBuildFile; fileRef = ECA4258D29229A05004DFDAF /* Pretendard-Regular.otf */; };
		77F1D82C2926AAE500F31D0C /* Pretendard-SemiBold.otf in Resources */ = {isa = PBXBuildFile; fileRef = ECA4259129229A05004DFDAF /* Pretendard-SemiBold.otf */; };
		77F1D82D2926AAE800F31D0C /* Pretendard-Thin.otf in Resources */ = {isa = PBXBuildFile; fileRef = ECA4259429229A05004DFDAF /* Pretendard-Thin.otf */; };
		77F1D82F2927F2CC00F31D0C /* Adjusted + Extension.swift in Sources */ = {isa = PBXBuildFile; fileRef = 77F1D82E2927F2CC00F31D0C /* Adjusted + Extension.swift */; };
		77F899DE29308C6000806896 /* FogTextField.swift in Sources */ = {isa = PBXBuildFile; fileRef = 77F899DD29308C6000806896 /* FogTextField.swift */; };
		BD2D276B297D17E400984B97 /* UserAPI.swift in Sources */ = {isa = PBXBuildFile; fileRef = BD2D276A297D17E400984B97 /* UserAPI.swift */; };
		BD347C58292FD1BC009F52BA /* RoadPopUpViewController.swift in Sources */ = {isa = PBXBuildFile; fileRef = BD347C57292FD1BC009F52BA /* RoadPopUpViewController.swift */; };
		BD347C5A292FD226009F52BA /* ExMapType.swift in Sources */ = {isa = PBXBuildFile; fileRef = BD347C59292FD226009F52BA /* ExMapType.swift */; };
		BD347C5E292FD2BE009F52BA /* FogButtonStyle.swift in Sources */ = {isa = PBXBuildFile; fileRef = BD347C5D292FD2BE009F52BA /* FogButtonStyle.swift */; };
		BD347C60292FD4C8009F52BA /* FogButton.swift in Sources */ = {isa = PBXBuildFile; fileRef = BD347C5F292FD4C8009F52BA /* FogButton.swift */; };
		BD347C63292FEA15009F52BA /* RoadPopUpView.swift in Sources */ = {isa = PBXBuildFile; fileRef = BD347C62292FEA15009F52BA /* RoadPopUpView.swift */; };
		BD347C65292FEB08009F52BA /* RoadPopUpViewModel.swift in Sources */ = {isa = PBXBuildFile; fileRef = BD347C64292FEB08009F52BA /* RoadPopUpViewModel.swift */; };
		BD46305C292A25B300E9E9C2 /* BottomDetailRootView.swift in Sources */ = {isa = PBXBuildFile; fileRef = BD46305B292A25B300E9E9C2 /* BottomDetailRootView.swift */; };
		BD4B550F292A29EC00ECFD04 /* SmokePlace.swift in Sources */ = {isa = PBXBuildFile; fileRef = BD4B550E292A29EC00ECFD04 /* SmokePlace.swift */; };
		BD4E13652973DAC400AEA757 /* NetworkError.swift in Sources */ = {isa = PBXBuildFile; fileRef = BD4E13642973DAC400AEA757 /* NetworkError.swift */; };
		BD90E9DC2976C02100C7CB6B /* CommonResponse.swift in Sources */ = {isa = PBXBuildFile; fileRef = BD90E9DB2976C02100C7CB6B /* CommonResponse.swift */; };
		BD90E9DE2976C11E00C7CB6B /* FogAPI.swift in Sources */ = {isa = PBXBuildFile; fileRef = BD90E9DD2976C11E00C7CB6B /* FogAPI.swift */; };
		BD90E9E02976C3EF00C7CB6B /* NetworkEnv.swift in Sources */ = {isa = PBXBuildFile; fileRef = BD90E9DF2976C3EF00C7CB6B /* NetworkEnv.swift */; };
		BD90E9E22976C4F800C7CB6B /* Networking.swift in Sources */ = {isa = PBXBuildFile; fileRef = BD90E9E12976C4F800C7CB6B /* Networking.swift */; };
		BDC50ECB292A07B2002378C6 /* GoogleMap.plist in Resources */ = {isa = PBXBuildFile; fileRef = BDC50ECA292A07B2002378C6 /* GoogleMap.plist */; };
		BDC50ED2292A07EB002378C6 /* BottomDetailViewModel.swift in Sources */ = {isa = PBXBuildFile; fileRef = BDC50ED1292A07EB002378C6 /* BottomDetailViewModel.swift */; };
		BDC50ED6292A09BD002378C6 /* BaseView.swift in Sources */ = {isa = PBXBuildFile; fileRef = BDC50ED5292A09BD002378C6 /* BaseView.swift */; };
		BDEA50D129261C6600110982 /* .swiftlint.yml in Resources */ = {isa = PBXBuildFile; fileRef = BDEA50D029261C6600110982 /* .swiftlint.yml */; };
		ECA4252D29224DB8004DFDAF /* AppDelegate.swift in Sources */ = {isa = PBXBuildFile; fileRef = ECA4252C29224DB8004DFDAF /* AppDelegate.swift */; };
		ECA4252F29224DB8004DFDAF /* SceneDelegate.swift in Sources */ = {isa = PBXBuildFile; fileRef = ECA4252E29224DB8004DFDAF /* SceneDelegate.swift */; };
		ECA4253629224DBB004DFDAF /* Asset.xcassets in Resources */ = {isa = PBXBuildFile; fileRef = ECA4253529224DBB004DFDAF /* Asset.xcassets */; };
		ECA4253929224DBB004DFDAF /* LaunchScreen.storyboard in Resources */ = {isa = PBXBuildFile; fileRef = ECA4253729224DBB004DFDAF /* LaunchScreen.storyboard */; };
		ECA4254429224DBB004DFDAF /* FogFog_iOSTests.swift in Sources */ = {isa = PBXBuildFile; fileRef = ECA4254329224DBB004DFDAF /* FogFog_iOSTests.swift */; };
		ECA4254E29224DBB004DFDAF /* FogFog_iOSUITests.swift in Sources */ = {isa = PBXBuildFile; fileRef = ECA4254D29224DBB004DFDAF /* FogFog_iOSUITests.swift */; };
		ECA4255029224DBB004DFDAF /* FogFog_iOSUITestsLaunchTests.swift in Sources */ = {isa = PBXBuildFile; fileRef = ECA4254F29224DBB004DFDAF /* FogFog_iOSUITestsLaunchTests.swift */; };
		ECA4257229225409004DFDAF /* Image.xcassets in Resources */ = {isa = PBXBuildFile; fileRef = ECA4257129225409004DFDAF /* Image.xcassets */; };
		ECA425742922543B004DFDAF /* Color.xcassets in Resources */ = {isa = PBXBuildFile; fileRef = ECA425732922543B004DFDAF /* Color.xcassets */; };
		ECA4257629225450004DFDAF /* SplashViewController.swift in Sources */ = {isa = PBXBuildFile; fileRef = ECA4257529225450004DFDAF /* SplashViewController.swift */; };
		ECA425782922545C004DFDAF /* MapViewController.swift in Sources */ = {isa = PBXBuildFile; fileRef = ECA425772922545C004DFDAF /* MapViewController.swift */; };
		ECA4257A292254A8004DFDAF /* BottomDetailViewController.swift in Sources */ = {isa = PBXBuildFile; fileRef = ECA42579292254A8004DFDAF /* BottomDetailViewController.swift */; };
		ECA4257C292254B0004DFDAF /* SideBarViewController.swift in Sources */ = {isa = PBXBuildFile; fileRef = ECA4257B292254B0004DFDAF /* SideBarViewController.swift */; };
		ECA4257E292254C6004DFDAF /* BaseViewController.swift in Sources */ = {isa = PBXBuildFile; fileRef = ECA4257D292254C6004DFDAF /* BaseViewController.swift */; };
		ECA4259729229B15004DFDAF /* FogFont.swift in Sources */ = {isa = PBXBuildFile; fileRef = ECA4259629229B15004DFDAF /* FogFont.swift */; };
		ECA4259929229BD9004DFDAF /* UIFont + Extension.swift in Sources */ = {isa = PBXBuildFile; fileRef = ECA4259829229BD9004DFDAF /* UIFont + Extension.swift */; };
		ECA4259B2922A4A6004DFDAF /* FogImage.swift in Sources */ = {isa = PBXBuildFile; fileRef = ECA4259A2922A4A6004DFDAF /* FogImage.swift */; };
		ECA4259E292346A2004DFDAF /* Then in Frameworks */ = {isa = PBXBuildFile; productRef = ECA4259D292346A2004DFDAF /* Then */; };
		ECA425A1292346B1004DFDAF /* SnapKit in Frameworks */ = {isa = PBXBuildFile; productRef = ECA425A0292346B1004DFDAF /* SnapKit */; };
		ECA425A4292346BF004DFDAF /* Kingfisher in Frameworks */ = {isa = PBXBuildFile; productRef = ECA425A3292346BF004DFDAF /* Kingfisher */; };
		ECA425B229234744004DFDAF /* Moya in Frameworks */ = {isa = PBXBuildFile; productRef = ECA425B129234744004DFDAF /* Moya */; };
		ECA425B429234744004DFDAF /* RxMoya in Frameworks */ = {isa = PBXBuildFile; productRef = ECA425B329234744004DFDAF /* RxMoya */; };
		ECA425C929234C4F004DFDAF /* RxCocoa in Frameworks */ = {isa = PBXBuildFile; productRef = ECA425C829234C4F004DFDAF /* RxCocoa */; };
		ECA425CB29234C4F004DFDAF /* RxRelay in Frameworks */ = {isa = PBXBuildFile; productRef = ECA425CA29234C4F004DFDAF /* RxRelay */; };
		ECA425CD29234C4F004DFDAF /* RxSwift in Frameworks */ = {isa = PBXBuildFile; productRef = ECA425CC29234C4F004DFDAF /* RxSwift */; };
		ECA425CF292382AD004DFDAF /* NavigationView.swift in Sources */ = {isa = PBXBuildFile; fileRef = ECA425CE292382AD004DFDAF /* NavigationView.swift */; };
		ECA425D72924DA66004DFDAF /* Bundle + Extension.swift in Sources */ = {isa = PBXBuildFile; fileRef = ECA425D62924DA66004DFDAF /* Bundle + Extension.swift */; };
		ECA425DA29253155004DFDAF /* Coordinator.swift in Sources */ = {isa = PBXBuildFile; fileRef = ECA425D929253155004DFDAF /* Coordinator.swift */; };
		ECA425DC29253259004DFDAF /* CoordinatorFinishDelegate.swift in Sources */ = {isa = PBXBuildFile; fileRef = ECA425DB29253259004DFDAF /* CoordinatorFinishDelegate.swift */; };
		ECA425DE29253292004DFDAF /* CoordinatorCase.swift in Sources */ = {isa = PBXBuildFile; fileRef = ECA425DD29253292004DFDAF /* CoordinatorCase.swift */; };
		ECA425E0292532B7004DFDAF /* AppCoordinator.swift in Sources */ = {isa = PBXBuildFile; fileRef = ECA425DF292532B7004DFDAF /* AppCoordinator.swift */; };
		ECA425E2292532CA004DFDAF /* ImplAppCoordinator.swift in Sources */ = {isa = PBXBuildFile; fileRef = ECA425E1292532CA004DFDAF /* ImplAppCoordinator.swift */; };
		ECA425E429262A37004DFDAF /* ImplMapCoordinator.swift in Sources */ = {isa = PBXBuildFile; fileRef = ECA425E329262A37004DFDAF /* ImplMapCoordinator.swift */; };
		ECA425E629262A42004DFDAF /* ImplLoginCoordinator.swift in Sources */ = {isa = PBXBuildFile; fileRef = ECA425E529262A42004DFDAF /* ImplLoginCoordinator.swift */; };
		ECA425E829262A78004DFDAF /* MapCoordinator.swift in Sources */ = {isa = PBXBuildFile; fileRef = ECA425E729262A78004DFDAF /* MapCoordinator.swift */; };
		ECA425EA29262A80004DFDAF /* LoginCoordinator.swift in Sources */ = {isa = PBXBuildFile; fileRef = ECA425E929262A80004DFDAF /* LoginCoordinator.swift */; };
		ECA425EC29262CF8004DFDAF /* MapViewModel.swift in Sources */ = {isa = PBXBuildFile; fileRef = ECA425EB29262CF7004DFDAF /* MapViewModel.swift */; };
		ECA425F4292634A6004DFDAF /* LoginViewController.swift in Sources */ = {isa = PBXBuildFile; fileRef = ECA425F3292634A5004DFDAF /* LoginViewController.swift */; };
		ECA425F6292634C9004DFDAF /* LoginViewModel.swift in Sources */ = {isa = PBXBuildFile; fileRef = ECA425F5292634C9004DFDAF /* LoginViewModel.swift */; };
/* End PBXBuildFile section */

/* Begin PBXContainerItemProxy section */
		ECA4254029224DBB004DFDAF /* PBXContainerItemProxy */ = {
			isa = PBXContainerItemProxy;
			containerPortal = ECA4252129224DB8004DFDAF /* Project object */;
			proxyType = 1;
			remoteGlobalIDString = ECA4252829224DB8004DFDAF;
			remoteInfo = "FogFog-iOS";
		};
		ECA4254A29224DBB004DFDAF /* PBXContainerItemProxy */ = {
			isa = PBXContainerItemProxy;
			containerPortal = ECA4252129224DB8004DFDAF /* Project object */;
			proxyType = 1;
			remoteGlobalIDString = ECA4252829224DB8004DFDAF;
			remoteInfo = "FogFog-iOS";
		};
/* End PBXContainerItemProxy section */

/* Begin PBXFileReference section */
		30E75DE5335BE7B01C6F6804 /* Pods-FogFog-iOSTests.debug.xcconfig */ = {isa = PBXFileReference; includeInIndex = 1; lastKnownFileType = text.xcconfig; name = "Pods-FogFog-iOSTests.debug.xcconfig"; path = "Target Support Files/Pods-FogFog-iOSTests/Pods-FogFog-iOSTests.debug.xcconfig"; sourceTree = "<group>"; };
		44BDDCB91FAFFFC51A0C1A4C /* Pods_FogFog_iOS.framework */ = {isa = PBXFileReference; explicitFileType = wrapper.framework; includeInIndex = 0; path = Pods_FogFog_iOS.framework; sourceTree = BUILT_PRODUCTS_DIR; };
		47D49EE273F775CA2202B593 /* Pods-FogFog-iOS-FogFog-iOSUITests.debug.xcconfig */ = {isa = PBXFileReference; includeInIndex = 1; lastKnownFileType = text.xcconfig; name = "Pods-FogFog-iOS-FogFog-iOSUITests.debug.xcconfig"; path = "Target Support Files/Pods-FogFog-iOS-FogFog-iOSUITests/Pods-FogFog-iOS-FogFog-iOSUITests.debug.xcconfig"; sourceTree = "<group>"; };
		568E5A05A08D8D049D3D8E62 /* Pods-FogFog-iOSTests.release.xcconfig */ = {isa = PBXFileReference; includeInIndex = 1; lastKnownFileType = text.xcconfig; name = "Pods-FogFog-iOSTests.release.xcconfig"; path = "Target Support Files/Pods-FogFog-iOSTests/Pods-FogFog-iOSTests.release.xcconfig"; sourceTree = "<group>"; };
		7761D4F3292F3471003971DC /* MakeNicknameViewController.swift */ = {isa = PBXFileReference; lastKnownFileType = sourcecode.swift; path = MakeNicknameViewController.swift; sourceTree = "<group>"; };
		7761D4F5292F3749003971DC /* FogNavigationView.swift */ = {isa = PBXFileReference; lastKnownFileType = sourcecode.swift; path = FogNavigationView.swift; sourceTree = "<group>"; };
		77D32D40292A0EDD006E6314 /* ViewModelType.swift */ = {isa = PBXFileReference; lastKnownFileType = sourcecode.swift; path = ViewModelType.swift; sourceTree = "<group>"; };
		77D32D42292CD6A2006E6314 /* SideBarView.swift */ = {isa = PBXFileReference; lastKnownFileType = sourcecode.swift; path = SideBarView.swift; sourceTree = "<group>"; };
		77E70F452930951100F55CD7 /* UITextField + Extension.swift */ = {isa = PBXFileReference; lastKnownFileType = sourcecode.swift; path = "UITextField + Extension.swift"; sourceTree = "<group>"; };
		77E70F4729309A6D00F55CD7 /* UILabel + Extension.swift */ = {isa = PBXFileReference; lastKnownFileType = sourcecode.swift; path = "UILabel + Extension.swift"; sourceTree = "<group>"; };
		77E70F492930D0FA00F55CD7 /* MakeNicknameViewModel.swift */ = {isa = PBXFileReference; lastKnownFileType = sourcecode.swift; path = MakeNicknameViewModel.swift; sourceTree = "<group>"; };
		77F1D82129269CC800F31D0C /* UIColor + Extension.swift */ = {isa = PBXFileReference; lastKnownFileType = sourcecode.swift; path = "UIColor + Extension.swift"; sourceTree = "<group>"; };
		77F1D82329269E1C00F31D0C /* UIView + Extension.swift */ = {isa = PBXFileReference; lastKnownFileType = sourcecode.swift; path = "UIView + Extension.swift"; sourceTree = "<group>"; };
		77F1D82E2927F2CC00F31D0C /* Adjusted + Extension.swift */ = {isa = PBXFileReference; lastKnownFileType = sourcecode.swift; path = "Adjusted + Extension.swift"; sourceTree = "<group>"; };
		77F899DD29308C6000806896 /* FogTextField.swift */ = {isa = PBXFileReference; lastKnownFileType = sourcecode.swift; path = FogTextField.swift; sourceTree = "<group>"; };
		848DD0928406FC10714344E4 /* Pods_FogFog_iOSTests.framework */ = {isa = PBXFileReference; explicitFileType = wrapper.framework; includeInIndex = 0; path = Pods_FogFog_iOSTests.framework; sourceTree = BUILT_PRODUCTS_DIR; };
		888CEAED3234D2B94DAA26DB /* Pods-FogFog-iOS.release.xcconfig */ = {isa = PBXFileReference; includeInIndex = 1; lastKnownFileType = text.xcconfig; name = "Pods-FogFog-iOS.release.xcconfig"; path = "Target Support Files/Pods-FogFog-iOS/Pods-FogFog-iOS.release.xcconfig"; sourceTree = "<group>"; };
		A9F085CD5FE1A63DDBE5140E /* Pods-FogFog-iOS.debug.xcconfig */ = {isa = PBXFileReference; includeInIndex = 1; lastKnownFileType = text.xcconfig; name = "Pods-FogFog-iOS.debug.xcconfig"; path = "Target Support Files/Pods-FogFog-iOS/Pods-FogFog-iOS.debug.xcconfig"; sourceTree = "<group>"; };
		BD2D276A297D17E400984B97 /* UserAPI.swift */ = {isa = PBXFileReference; lastKnownFileType = sourcecode.swift; path = UserAPI.swift; sourceTree = "<group>"; };
		BD347C57292FD1BC009F52BA /* RoadPopUpViewController.swift */ = {isa = PBXFileReference; lastKnownFileType = sourcecode.swift; path = RoadPopUpViewController.swift; sourceTree = "<group>"; };
		BD347C59292FD226009F52BA /* ExMapType.swift */ = {isa = PBXFileReference; lastKnownFileType = sourcecode.swift; path = ExMapType.swift; sourceTree = "<group>"; };
		BD347C5D292FD2BE009F52BA /* FogButtonStyle.swift */ = {isa = PBXFileReference; lastKnownFileType = sourcecode.swift; path = FogButtonStyle.swift; sourceTree = "<group>"; };
		BD347C5F292FD4C8009F52BA /* FogButton.swift */ = {isa = PBXFileReference; lastKnownFileType = sourcecode.swift; path = FogButton.swift; sourceTree = "<group>"; };
		BD347C62292FEA15009F52BA /* RoadPopUpView.swift */ = {isa = PBXFileReference; lastKnownFileType = sourcecode.swift; path = RoadPopUpView.swift; sourceTree = "<group>"; };
		BD347C64292FEB08009F52BA /* RoadPopUpViewModel.swift */ = {isa = PBXFileReference; lastKnownFileType = sourcecode.swift; path = RoadPopUpViewModel.swift; sourceTree = "<group>"; };
		BD46305B292A25B300E9E9C2 /* BottomDetailRootView.swift */ = {isa = PBXFileReference; lastKnownFileType = sourcecode.swift; path = BottomDetailRootView.swift; sourceTree = "<group>"; };
		BD4B550E292A29EC00ECFD04 /* SmokePlace.swift */ = {isa = PBXFileReference; lastKnownFileType = sourcecode.swift; path = SmokePlace.swift; sourceTree = "<group>"; };
		BD4E13642973DAC400AEA757 /* NetworkError.swift */ = {isa = PBXFileReference; lastKnownFileType = sourcecode.swift; path = NetworkError.swift; sourceTree = "<group>"; };
		BD90E9DB2976C02100C7CB6B /* CommonResponse.swift */ = {isa = PBXFileReference; lastKnownFileType = sourcecode.swift; path = CommonResponse.swift; sourceTree = "<group>"; };
		BD90E9DD2976C11E00C7CB6B /* FogAPI.swift */ = {isa = PBXFileReference; lastKnownFileType = sourcecode.swift; path = FogAPI.swift; sourceTree = "<group>"; };
		BD90E9DF2976C3EF00C7CB6B /* NetworkEnv.swift */ = {isa = PBXFileReference; lastKnownFileType = sourcecode.swift; path = NetworkEnv.swift; sourceTree = "<group>"; };
		BD90E9E12976C4F800C7CB6B /* Networking.swift */ = {isa = PBXFileReference; lastKnownFileType = sourcecode.swift; path = Networking.swift; sourceTree = "<group>"; };
		BDC50ECA292A07B2002378C6 /* GoogleMap.plist */ = {isa = PBXFileReference; fileEncoding = 4; lastKnownFileType = text.plist.xml; path = GoogleMap.plist; sourceTree = "<group>"; };
		BDC50ED1292A07EB002378C6 /* BottomDetailViewModel.swift */ = {isa = PBXFileReference; lastKnownFileType = sourcecode.swift; path = BottomDetailViewModel.swift; sourceTree = "<group>"; };
		BDC50ED5292A09BD002378C6 /* BaseView.swift */ = {isa = PBXFileReference; lastKnownFileType = sourcecode.swift; path = BaseView.swift; sourceTree = "<group>"; };
		BDEA50D029261C6600110982 /* .swiftlint.yml */ = {isa = PBXFileReference; lastKnownFileType = text.yaml; path = .swiftlint.yml; sourceTree = "<group>"; };
		D67B489E657987D4A7AD92C7 /* Pods_FogFog_iOS_FogFog_iOSUITests.framework */ = {isa = PBXFileReference; explicitFileType = wrapper.framework; includeInIndex = 0; path = Pods_FogFog_iOS_FogFog_iOSUITests.framework; sourceTree = BUILT_PRODUCTS_DIR; };
		DABD884BD50346C82E3C3CA3 /* Pods-FogFog-iOS-FogFog-iOSUITests.release.xcconfig */ = {isa = PBXFileReference; includeInIndex = 1; lastKnownFileType = text.xcconfig; name = "Pods-FogFog-iOS-FogFog-iOSUITests.release.xcconfig"; path = "Target Support Files/Pods-FogFog-iOS-FogFog-iOSUITests/Pods-FogFog-iOS-FogFog-iOSUITests.release.xcconfig"; sourceTree = "<group>"; };
		ECA4252929224DB8004DFDAF /* FogFog-iOS.app */ = {isa = PBXFileReference; explicitFileType = wrapper.application; includeInIndex = 0; path = "FogFog-iOS.app"; sourceTree = BUILT_PRODUCTS_DIR; };
		ECA4252C29224DB8004DFDAF /* AppDelegate.swift */ = {isa = PBXFileReference; lastKnownFileType = sourcecode.swift; path = AppDelegate.swift; sourceTree = "<group>"; };
		ECA4252E29224DB8004DFDAF /* SceneDelegate.swift */ = {isa = PBXFileReference; lastKnownFileType = sourcecode.swift; path = SceneDelegate.swift; sourceTree = "<group>"; };
		ECA4253529224DBB004DFDAF /* Asset.xcassets */ = {isa = PBXFileReference; lastKnownFileType = folder.assetcatalog; path = Asset.xcassets; sourceTree = "<group>"; };
		ECA4253829224DBB004DFDAF /* Base */ = {isa = PBXFileReference; lastKnownFileType = file.storyboard; name = Base; path = Base.lproj/LaunchScreen.storyboard; sourceTree = "<group>"; };
		ECA4253A29224DBB004DFDAF /* Info.plist */ = {isa = PBXFileReference; lastKnownFileType = text.plist.xml; path = Info.plist; sourceTree = "<group>"; };
		ECA4253F29224DBB004DFDAF /* FogFog-iOSTests.xctest */ = {isa = PBXFileReference; explicitFileType = wrapper.cfbundle; includeInIndex = 0; path = "FogFog-iOSTests.xctest"; sourceTree = BUILT_PRODUCTS_DIR; };
		ECA4254329224DBB004DFDAF /* FogFog_iOSTests.swift */ = {isa = PBXFileReference; lastKnownFileType = sourcecode.swift; path = FogFog_iOSTests.swift; sourceTree = "<group>"; };
		ECA4254929224DBB004DFDAF /* FogFog-iOSUITests.xctest */ = {isa = PBXFileReference; explicitFileType = wrapper.cfbundle; includeInIndex = 0; path = "FogFog-iOSUITests.xctest"; sourceTree = BUILT_PRODUCTS_DIR; };
		ECA4254D29224DBB004DFDAF /* FogFog_iOSUITests.swift */ = {isa = PBXFileReference; lastKnownFileType = sourcecode.swift; path = FogFog_iOSUITests.swift; sourceTree = "<group>"; };
		ECA4254F29224DBB004DFDAF /* FogFog_iOSUITestsLaunchTests.swift */ = {isa = PBXFileReference; lastKnownFileType = sourcecode.swift; path = FogFog_iOSUITestsLaunchTests.swift; sourceTree = "<group>"; };
		ECA4257129225409004DFDAF /* Image.xcassets */ = {isa = PBXFileReference; lastKnownFileType = folder.assetcatalog; path = Image.xcassets; sourceTree = "<group>"; };
		ECA425732922543B004DFDAF /* Color.xcassets */ = {isa = PBXFileReference; lastKnownFileType = folder.assetcatalog; path = Color.xcassets; sourceTree = "<group>"; };
		ECA4257529225450004DFDAF /* SplashViewController.swift */ = {isa = PBXFileReference; lastKnownFileType = sourcecode.swift; name = SplashViewController.swift; path = "FogFog-iOS/Presentation/BottomDetailView/SplashViewController.swift"; sourceTree = SOURCE_ROOT; };
		ECA425772922545C004DFDAF /* MapViewController.swift */ = {isa = PBXFileReference; lastKnownFileType = sourcecode.swift; path = MapViewController.swift; sourceTree = "<group>"; };
		ECA42579292254A8004DFDAF /* BottomDetailViewController.swift */ = {isa = PBXFileReference; lastKnownFileType = sourcecode.swift; path = BottomDetailViewController.swift; sourceTree = "<group>"; };
		ECA4257B292254B0004DFDAF /* SideBarViewController.swift */ = {isa = PBXFileReference; lastKnownFileType = sourcecode.swift; path = SideBarViewController.swift; sourceTree = "<group>"; };
		ECA4257D292254C6004DFDAF /* BaseViewController.swift */ = {isa = PBXFileReference; lastKnownFileType = sourcecode.swift; path = BaseViewController.swift; sourceTree = "<group>"; };
		ECA4258129225A41004DFDAF /* .gitkeep */ = {isa = PBXFileReference; lastKnownFileType = text; path = .gitkeep; sourceTree = "<group>"; };
		ECA4258729225A7D004DFDAF /* .gitkeep */ = {isa = PBXFileReference; lastKnownFileType = text; path = .gitkeep; sourceTree = "<group>"; };
		ECA4258B29225A92004DFDAF /* .gitkeep */ = {isa = PBXFileReference; lastKnownFileType = text; path = .gitkeep; sourceTree = "<group>"; };
		ECA4258D29229A05004DFDAF /* Pretendard-Regular.otf */ = {isa = PBXFileReference; lastKnownFileType = file; path = "Pretendard-Regular.otf"; sourceTree = "<group>"; };
		ECA4258E29229A05004DFDAF /* Pretendard-Light.otf */ = {isa = PBXFileReference; lastKnownFileType = file; path = "Pretendard-Light.otf"; sourceTree = "<group>"; };
		ECA4258F29229A05004DFDAF /* Pretendard-ExtraBold.otf */ = {isa = PBXFileReference; lastKnownFileType = file; path = "Pretendard-ExtraBold.otf"; sourceTree = "<group>"; };
		ECA4259029229A05004DFDAF /* Pretendard-Black.otf */ = {isa = PBXFileReference; lastKnownFileType = file; path = "Pretendard-Black.otf"; sourceTree = "<group>"; };
		ECA4259129229A05004DFDAF /* Pretendard-SemiBold.otf */ = {isa = PBXFileReference; lastKnownFileType = file; path = "Pretendard-SemiBold.otf"; sourceTree = "<group>"; };
		ECA4259229229A05004DFDAF /* Pretendard-ExtraLight.otf */ = {isa = PBXFileReference; lastKnownFileType = file; path = "Pretendard-ExtraLight.otf"; sourceTree = "<group>"; };
		ECA4259329229A05004DFDAF /* Pretendard-Bold.otf */ = {isa = PBXFileReference; lastKnownFileType = file; path = "Pretendard-Bold.otf"; sourceTree = "<group>"; };
		ECA4259429229A05004DFDAF /* Pretendard-Thin.otf */ = {isa = PBXFileReference; lastKnownFileType = file; path = "Pretendard-Thin.otf"; sourceTree = "<group>"; };
		ECA4259529229A05004DFDAF /* Pretendard-Medium.otf */ = {isa = PBXFileReference; lastKnownFileType = file; path = "Pretendard-Medium.otf"; sourceTree = "<group>"; };
		ECA4259629229B15004DFDAF /* FogFont.swift */ = {isa = PBXFileReference; lastKnownFileType = sourcecode.swift; path = FogFont.swift; sourceTree = "<group>"; };
		ECA4259829229BD9004DFDAF /* UIFont + Extension.swift */ = {isa = PBXFileReference; lastKnownFileType = sourcecode.swift; path = "UIFont + Extension.swift"; sourceTree = "<group>"; };
		ECA4259A2922A4A6004DFDAF /* FogImage.swift */ = {isa = PBXFileReference; lastKnownFileType = sourcecode.swift; path = FogImage.swift; sourceTree = "<group>"; };
		ECA425CE292382AD004DFDAF /* NavigationView.swift */ = {isa = PBXFileReference; lastKnownFileType = sourcecode.swift; path = NavigationView.swift; sourceTree = "<group>"; };
		ECA425D62924DA66004DFDAF /* Bundle + Extension.swift */ = {isa = PBXFileReference; lastKnownFileType = sourcecode.swift; path = "Bundle + Extension.swift"; sourceTree = "<group>"; };
		ECA425D929253155004DFDAF /* Coordinator.swift */ = {isa = PBXFileReference; lastKnownFileType = sourcecode.swift; path = Coordinator.swift; sourceTree = "<group>"; };
		ECA425DB29253259004DFDAF /* CoordinatorFinishDelegate.swift */ = {isa = PBXFileReference; lastKnownFileType = sourcecode.swift; path = CoordinatorFinishDelegate.swift; sourceTree = "<group>"; };
		ECA425DD29253292004DFDAF /* CoordinatorCase.swift */ = {isa = PBXFileReference; lastKnownFileType = sourcecode.swift; path = CoordinatorCase.swift; sourceTree = "<group>"; };
		ECA425DF292532B7004DFDAF /* AppCoordinator.swift */ = {isa = PBXFileReference; lastKnownFileType = sourcecode.swift; path = AppCoordinator.swift; sourceTree = "<group>"; };
		ECA425E1292532CA004DFDAF /* ImplAppCoordinator.swift */ = {isa = PBXFileReference; lastKnownFileType = sourcecode.swift; path = ImplAppCoordinator.swift; sourceTree = "<group>"; };
		ECA425E329262A37004DFDAF /* ImplMapCoordinator.swift */ = {isa = PBXFileReference; lastKnownFileType = sourcecode.swift; path = ImplMapCoordinator.swift; sourceTree = "<group>"; };
		ECA425E529262A42004DFDAF /* ImplLoginCoordinator.swift */ = {isa = PBXFileReference; lastKnownFileType = sourcecode.swift; path = ImplLoginCoordinator.swift; sourceTree = "<group>"; };
		ECA425E729262A78004DFDAF /* MapCoordinator.swift */ = {isa = PBXFileReference; lastKnownFileType = sourcecode.swift; path = MapCoordinator.swift; sourceTree = "<group>"; };
		ECA425E929262A80004DFDAF /* LoginCoordinator.swift */ = {isa = PBXFileReference; lastKnownFileType = sourcecode.swift; path = LoginCoordinator.swift; sourceTree = "<group>"; };
		ECA425EB29262CF7004DFDAF /* MapViewModel.swift */ = {isa = PBXFileReference; lastKnownFileType = sourcecode.swift; path = MapViewModel.swift; sourceTree = "<group>"; };
		ECA425F3292634A5004DFDAF /* LoginViewController.swift */ = {isa = PBXFileReference; lastKnownFileType = sourcecode.swift; path = LoginViewController.swift; sourceTree = "<group>"; };
		ECA425F5292634C9004DFDAF /* LoginViewModel.swift */ = {isa = PBXFileReference; lastKnownFileType = sourcecode.swift; path = LoginViewModel.swift; sourceTree = "<group>"; };
/* End PBXFileReference section */

/* Begin PBXFrameworksBuildPhase section */
		ECA4252629224DB8004DFDAF /* Frameworks */ = {
			isa = PBXFrameworksBuildPhase;
			buildActionMask = 2147483647;
			files = (
				ECA425CD29234C4F004DFDAF /* RxSwift in Frameworks */,
				ECA425B229234744004DFDAF /* Moya in Frameworks */,
				ECA425A4292346BF004DFDAF /* Kingfisher in Frameworks */,
				ECA4259E292346A2004DFDAF /* Then in Frameworks */,
				ECA425C929234C4F004DFDAF /* RxCocoa in Frameworks */,
				ECA425B429234744004DFDAF /* RxMoya in Frameworks */,
				ECA425A1292346B1004DFDAF /* SnapKit in Frameworks */,
				ECA425CB29234C4F004DFDAF /* RxRelay in Frameworks */,
				772577DC2934924E008273A7 /* RxGesture in Frameworks */,
				1DDE6DAB87E9F15EAEAD8A1B /* Pods_FogFog_iOS.framework in Frameworks */,
				772577D929349212008273A7 /* RxKeyboard in Frameworks */,
			);
			runOnlyForDeploymentPostprocessing = 0;
		};
		ECA4253C29224DBB004DFDAF /* Frameworks */ = {
			isa = PBXFrameworksBuildPhase;
			buildActionMask = 2147483647;
			files = (
				56E6DAD19F1058E2F6B779B7 /* Pods_FogFog_iOSTests.framework in Frameworks */,
			);
			runOnlyForDeploymentPostprocessing = 0;
		};
		ECA4254629224DBB004DFDAF /* Frameworks */ = {
			isa = PBXFrameworksBuildPhase;
			buildActionMask = 2147483647;
			files = (
				35919B344F294722AA448E4E /* Pods_FogFog_iOS_FogFog_iOSUITests.framework in Frameworks */,
			);
			runOnlyForDeploymentPostprocessing = 0;
		};
/* End PBXFrameworksBuildPhase section */

/* Begin PBXGroup section */
		5AEB748B4AD84E268CB5A70A /* Frameworks */ = {
			isa = PBXGroup;
			children = (
				44BDDCB91FAFFFC51A0C1A4C /* Pods_FogFog_iOS.framework */,
				D67B489E657987D4A7AD92C7 /* Pods_FogFog_iOS_FogFog_iOSUITests.framework */,
				848DD0928406FC10714344E4 /* Pods_FogFog_iOSTests.framework */,
			);
			name = Frameworks;
			sourceTree = "<group>";
		};
		60D90129AD5918F67985D847 /* Pods */ = {
			isa = PBXGroup;
			children = (
				A9F085CD5FE1A63DDBE5140E /* Pods-FogFog-iOS.debug.xcconfig */,
				888CEAED3234D2B94DAA26DB /* Pods-FogFog-iOS.release.xcconfig */,
				47D49EE273F775CA2202B593 /* Pods-FogFog-iOS-FogFog-iOSUITests.debug.xcconfig */,
				DABD884BD50346C82E3C3CA3 /* Pods-FogFog-iOS-FogFog-iOSUITests.release.xcconfig */,
				30E75DE5335BE7B01C6F6804 /* Pods-FogFog-iOSTests.debug.xcconfig */,
				568E5A05A08D8D049D3D8E62 /* Pods-FogFog-iOSTests.release.xcconfig */,
			);
			path = Pods;
			sourceTree = "<group>";
		};
		7761D4F1292F33B2003971DC /* ViewModel */ = {
			isa = PBXGroup;
			children = (
				ECA425F5292634C9004DFDAF /* LoginViewModel.swift */,
				77E70F492930D0FA00F55CD7 /* MakeNicknameViewModel.swift */,
			);
			path = ViewModel;
			sourceTree = "<group>";
		};
		7761D4F2292F3400003971DC /* ViewController */ = {
			isa = PBXGroup;
			children = (
				ECA425F3292634A5004DFDAF /* LoginViewController.swift */,
				7761D4F3292F3471003971DC /* MakeNicknameViewController.swift */,
			);
			path = ViewController;
			sourceTree = "<group>";
		};
		77D32D3F292A0EC7006E6314 /* Protocol */ = {
			isa = PBXGroup;
			children = (
				77D32D40292A0EDD006E6314 /* ViewModelType.swift */,
			);
			path = Protocol;
			sourceTree = "<group>";
		};
		BD347C56292FD1A9009F52BA /* RoadPopUp */ = {
			isa = PBXGroup;
			children = (
				BD347C59292FD226009F52BA /* ExMapType.swift */,
				BD347C62292FEA15009F52BA /* RoadPopUpView.swift */,
				BD347C57292FD1BC009F52BA /* RoadPopUpViewController.swift */,
				BD347C64292FEB08009F52BA /* RoadPopUpViewModel.swift */,
			);
			path = RoadPopUp;
			sourceTree = "<group>";
		};
		BD347C61292FD4F1009F52BA /* FogButton */ = {
			isa = PBXGroup;
			children = (
				BD347C5F292FD4C8009F52BA /* FogButton.swift */,
				BD347C5D292FD2BE009F52BA /* FogButtonStyle.swift */,
			);
			path = FogButton;
			sourceTree = "<group>";
		};
		BD4B550D292A29AA00ECFD04 /* Place */ = {
			isa = PBXGroup;
			children = (
				BD4B550E292A29EC00ECFD04 /* SmokePlace.swift */,
			);
			path = Place;
			sourceTree = "<group>";
		};
		BD4E13632973DAA300AEA757 /* Networking */ = {
			isa = PBXGroup;
			children = (
				BD90E9DF2976C3EF00C7CB6B /* NetworkEnv.swift */,
				BD4E13642973DAC400AEA757 /* NetworkError.swift */,
				BD90E9E12976C4F800C7CB6B /* Networking.swift */,
				BDB152C0297E6834002E477F /* APIs */,
				BDB152C1297E6840002E477F /* Models */,
			);
			path = Networking;
			sourceTree = "<group>";
		};
		BDB152C0297E6834002E477F /* APIs */ = {
			isa = PBXGroup;
			children = (
				BD90E9DD2976C11E00C7CB6B /* FogAPI.swift */,
				BD2D276A297D17E400984B97 /* UserAPI.swift */,
			);
			path = APIs;
			sourceTree = "<group>";
		};
		BDB152C1297E6840002E477F /* Models */ = {
			isa = PBXGroup;
			children = (
				BD90E9DB2976C02100C7CB6B /* CommonResponse.swift */,
			);
			path = Models;
			sourceTree = "<group>";
		};
		BDC50ECD292A07CD002378C6 /* View */ = {
			isa = PBXGroup;
			children = (
				BD46305B292A25B300E9E9C2 /* BottomDetailRootView.swift */,
				ECA42579292254A8004DFDAF /* BottomDetailViewController.swift */,
			);
			path = View;
			sourceTree = "<group>";
		};
		BDC50ECE292A07D0002378C6 /* ViewModel */ = {
			isa = PBXGroup;
			children = (
				BDC50ED1292A07EB002378C6 /* BottomDetailViewModel.swift */,
			);
			path = ViewModel;
			sourceTree = "<group>";
		};
		ECA4252029224DB8004DFDAF = {
			isa = PBXGroup;
			children = (
				BDEA50D029261C6600110982 /* .swiftlint.yml */,
				ECA4252B29224DB8004DFDAF /* FogFog-iOS */,
				ECA4254229224DBB004DFDAF /* FogFog-iOSTests */,
				ECA4254C29224DBB004DFDAF /* FogFog-iOSUITests */,
				ECA4252A29224DB8004DFDAF /* Products */,
				60D90129AD5918F67985D847 /* Pods */,
				5AEB748B4AD84E268CB5A70A /* Frameworks */,
			);
			sourceTree = "<group>";
		};
		ECA4252A29224DB8004DFDAF /* Products */ = {
			isa = PBXGroup;
			children = (
				ECA4252929224DB8004DFDAF /* FogFog-iOS.app */,
				ECA4253F29224DBB004DFDAF /* FogFog-iOSTests.xctest */,
				ECA4254929224DBB004DFDAF /* FogFog-iOSUITests.xctest */,
			);
			name = Products;
			sourceTree = "<group>";
		};
		ECA4252B29224DB8004DFDAF /* FogFog-iOS */ = {
			isa = PBXGroup;
			children = (
				ECA4255D292251D8004DFDAF /* App */,
				ECA4255E292251E0004DFDAF /* Models */,
				BD4E13632973DAA300AEA757 /* Networking */,
				ECA4255F2922528B004DFDAF /* Presentation */,
				ECA4256029225297004DFDAF /* Resources */,
				ECA425612922529F004DFDAF /* Supports */,
				ECA42562292252AB004DFDAF /* Utils */,
			);
			path = "FogFog-iOS";
			sourceTree = "<group>";
		};
		ECA4254229224DBB004DFDAF /* FogFog-iOSTests */ = {
			isa = PBXGroup;
			children = (
				ECA4254329224DBB004DFDAF /* FogFog_iOSTests.swift */,
			);
			path = "FogFog-iOSTests";
			sourceTree = "<group>";
		};
		ECA4254C29224DBB004DFDAF /* FogFog-iOSUITests */ = {
			isa = PBXGroup;
			children = (
				ECA4254D29224DBB004DFDAF /* FogFog_iOSUITests.swift */,
				ECA4254F29224DBB004DFDAF /* FogFog_iOSUITestsLaunchTests.swift */,
			);
			path = "FogFog-iOSUITests";
			sourceTree = "<group>";
		};
		ECA4255D292251D8004DFDAF /* App */ = {
			isa = PBXGroup;
			children = (
				ECA4252C29224DB8004DFDAF /* AppDelegate.swift */,
				ECA4252E29224DB8004DFDAF /* SceneDelegate.swift */,
			);
			path = App;
			sourceTree = "<group>";
		};
		ECA4255E292251E0004DFDAF /* Models */ = {
			isa = PBXGroup;
			children = (
				BD4B550D292A29AA00ECFD04 /* Place */,
				ECA4258B29225A92004DFDAF /* .gitkeep */,
			);
			path = Models;
			sourceTree = "<group>";
		};
		ECA4255F2922528B004DFDAF /* Presentation */ = {
			isa = PBXGroup;
			children = (
				ECA425F229263495004DFDAF /* Common */,
				ECA425672922533A004DFDAF /* Splash */,
				ECA425F129263486004DFDAF /* Login */,
				ECA4256A29225355004DFDAF /* Map */,
				ECA425692922534E004DFDAF /* BottomDetailView */,
				ECA4256829225346004DFDAF /* SideBar */,
			);
			path = Presentation;
			sourceTree = "<group>";
		};
		ECA4256029225297004DFDAF /* Resources */ = {
			isa = PBXGroup;
			children = (
				ECA4253729224DBB004DFDAF /* LaunchScreen.storyboard */,
				ECA4256E2922538E004DFDAF /* Image */,
				ECA4256D29225388004DFDAF /* Colors */,
				ECA4256C29225382004DFDAF /* Fonts */,
			);
			path = Resources;
			sourceTree = "<group>";
		};
		ECA425612922529F004DFDAF /* Supports */ = {
			isa = PBXGroup;
			children = (
				ECA4253A29224DBB004DFDAF /* Info.plist */,
				BDC50ECA292A07B2002378C6 /* GoogleMap.plist */,
			);
			path = Supports;
			sourceTree = "<group>";
		};
		ECA42562292252AB004DFDAF /* Utils */ = {
			isa = PBXGroup;
			children = (
				ECA425F029263461004DFDAF /* Contstant */,
				ECA42563292252BC004DFDAF /* Base */,
				ECA42565292252E7004DFDAF /* Logging */,
				ECA4256629225303004DFDAF /* UIComponents */,
				ECA4256F292253AF004DFDAF /* Extension */,
				ECA42564292252CD004DFDAF /* Analytics */,
			);
			path = Utils;
			sourceTree = "<group>";
		};
		ECA42563292252BC004DFDAF /* Base */ = {
			isa = PBXGroup;
			children = (
				ECA4257D292254C6004DFDAF /* BaseViewController.swift */,
				BDC50ED5292A09BD002378C6 /* BaseView.swift */,
			);
			path = Base;
			sourceTree = "<group>";
		};
		ECA42564292252CD004DFDAF /* Analytics */ = {
			isa = PBXGroup;
			children = (
				ECA4258729225A7D004DFDAF /* .gitkeep */,
			);
			path = Analytics;
			sourceTree = "<group>";
		};
		ECA42565292252E7004DFDAF /* Logging */ = {
			isa = PBXGroup;
			children = (
				ECA4258129225A41004DFDAF /* .gitkeep */,
			);
			path = Logging;
			sourceTree = "<group>";
		};
		ECA4256629225303004DFDAF /* UIComponents */ = {
			isa = PBXGroup;
			children = (
				BD347C61292FD4F1009F52BA /* FogButton */,
				BD347C56292FD1A9009F52BA /* RoadPopUp */,
				7761D4F5292F3749003971DC /* FogNavigationView.swift */,
				77F899DD29308C6000806896 /* FogTextField.swift */,
			);
			path = UIComponents;
			sourceTree = "<group>";
		};
		ECA425672922533A004DFDAF /* Splash */ = {
			isa = PBXGroup;
			children = (
				ECA4257529225450004DFDAF /* SplashViewController.swift */,
			);
			path = Splash;
			sourceTree = "<group>";
		};
		ECA4256829225346004DFDAF /* SideBar */ = {
			isa = PBXGroup;
			children = (
				ECA4257B292254B0004DFDAF /* SideBarViewController.swift */,
				77D32D42292CD6A2006E6314 /* SideBarView.swift */,
			);
			path = SideBar;
			sourceTree = "<group>";
		};
		ECA425692922534E004DFDAF /* BottomDetailView */ = {
			isa = PBXGroup;
			children = (
				BDC50ECE292A07D0002378C6 /* ViewModel */,
				BDC50ECD292A07CD002378C6 /* View */,
			);
			path = BottomDetailView;
			sourceTree = "<group>";
		};
		ECA4256A29225355004DFDAF /* Map */ = {
			isa = PBXGroup;
			children = (
				ECA425F929263562004DFDAF /* Coordinator */,
				ECA425772922545C004DFDAF /* MapViewController.swift */,
				ECA425CE292382AD004DFDAF /* NavigationView.swift */,
				ECA425EB29262CF7004DFDAF /* MapViewModel.swift */,
			);
			path = Map;
			sourceTree = "<group>";
		};
		ECA4256C29225382004DFDAF /* Fonts */ = {
			isa = PBXGroup;
			children = (
				ECA4259029229A05004DFDAF /* Pretendard-Black.otf */,
				ECA4259329229A05004DFDAF /* Pretendard-Bold.otf */,
				ECA4258F29229A05004DFDAF /* Pretendard-ExtraBold.otf */,
				ECA4259229229A05004DFDAF /* Pretendard-ExtraLight.otf */,
				ECA4258E29229A05004DFDAF /* Pretendard-Light.otf */,
				ECA4259529229A05004DFDAF /* Pretendard-Medium.otf */,
				ECA4258D29229A05004DFDAF /* Pretendard-Regular.otf */,
				ECA4259129229A05004DFDAF /* Pretendard-SemiBold.otf */,
				ECA4259429229A05004DFDAF /* Pretendard-Thin.otf */,
				ECA4259629229B15004DFDAF /* FogFont.swift */,
			);
			path = Fonts;
			sourceTree = "<group>";
		};
		ECA4256D29225388004DFDAF /* Colors */ = {
			isa = PBXGroup;
			children = (
				ECA425732922543B004DFDAF /* Color.xcassets */,
			);
			path = Colors;
			sourceTree = "<group>";
		};
		ECA4256E2922538E004DFDAF /* Image */ = {
			isa = PBXGroup;
			children = (
				ECA4253529224DBB004DFDAF /* Asset.xcassets */,
				ECA4257129225409004DFDAF /* Image.xcassets */,
				ECA4259A2922A4A6004DFDAF /* FogImage.swift */,
			);
			path = Image;
			sourceTree = "<group>";
		};
		ECA4256F292253AF004DFDAF /* Extension */ = {
			isa = PBXGroup;
			children = (
				ECA4259829229BD9004DFDAF /* UIFont + Extension.swift */,
				ECA425D62924DA66004DFDAF /* Bundle + Extension.swift */,
				77F1D82129269CC800F31D0C /* UIColor + Extension.swift */,
				77F1D82329269E1C00F31D0C /* UIView + Extension.swift */,
				77F1D82E2927F2CC00F31D0C /* Adjusted + Extension.swift */,
				77E70F452930951100F55CD7 /* UITextField + Extension.swift */,
				77E70F4729309A6D00F55CD7 /* UILabel + Extension.swift */,
			);
			path = Extension;
			sourceTree = "<group>";
		};
		ECA425ED292633FA004DFDAF /* Coordinator */ = {
			isa = PBXGroup;
			children = (
				ECA425E1292532CA004DFDAF /* ImplAppCoordinator.swift */,
				ECA425EF29263439004DFDAF /* Delegate */,
				ECA425EE29263428004DFDAF /* Protocol */,
			);
			path = Coordinator;
			sourceTree = "<group>";
		};
		ECA425EE29263428004DFDAF /* Protocol */ = {
			isa = PBXGroup;
			children = (
				ECA425DF292532B7004DFDAF /* AppCoordinator.swift */,
				ECA425D929253155004DFDAF /* Coordinator.swift */,
			);
			path = Protocol;
			sourceTree = "<group>";
		};
		ECA425EF29263439004DFDAF /* Delegate */ = {
			isa = PBXGroup;
			children = (
				ECA425DB29253259004DFDAF /* CoordinatorFinishDelegate.swift */,
			);
			path = Delegate;
			sourceTree = "<group>";
		};
		ECA425F029263461004DFDAF /* Contstant */ = {
			isa = PBXGroup;
			children = (
				ECA425DD29253292004DFDAF /* CoordinatorCase.swift */,
			);
			path = Contstant;
			sourceTree = "<group>";
		};
		ECA425F129263486004DFDAF /* Login */ = {
			isa = PBXGroup;
			children = (
				7761D4F2292F3400003971DC /* ViewController */,
				7761D4F1292F33B2003971DC /* ViewModel */,
				ECA425F729263537004DFDAF /* Coordinator */,
			);
			path = Login;
			sourceTree = "<group>";
		};
		ECA425F229263495004DFDAF /* Common */ = {
			isa = PBXGroup;
			children = (
				77D32D3F292A0EC7006E6314 /* Protocol */,
				ECA425ED292633FA004DFDAF /* Coordinator */,
			);
			path = Common;
			sourceTree = "<group>";
		};
		ECA425F729263537004DFDAF /* Coordinator */ = {
			isa = PBXGroup;
			children = (
				ECA425E529262A42004DFDAF /* ImplLoginCoordinator.swift */,
				ECA425F829263548004DFDAF /* Protocol */,
			);
			path = Coordinator;
			sourceTree = "<group>";
		};
		ECA425F829263548004DFDAF /* Protocol */ = {
			isa = PBXGroup;
			children = (
				ECA425E929262A80004DFDAF /* LoginCoordinator.swift */,
			);
			path = Protocol;
			sourceTree = "<group>";
		};
		ECA425F929263562004DFDAF /* Coordinator */ = {
			isa = PBXGroup;
			children = (
				ECA425E329262A37004DFDAF /* ImplMapCoordinator.swift */,
				ECA425FA29263567004DFDAF /* Protocol */,
			);
			path = Coordinator;
			sourceTree = "<group>";
		};
		ECA425FA29263567004DFDAF /* Protocol */ = {
			isa = PBXGroup;
			children = (
				ECA425E729262A78004DFDAF /* MapCoordinator.swift */,
			);
			path = Protocol;
			sourceTree = "<group>";
		};
/* End PBXGroup section */

/* Begin PBXNativeTarget section */
		ECA4252829224DB8004DFDAF /* FogFog-iOS */ = {
			isa = PBXNativeTarget;
			buildConfigurationList = ECA4255329224DBB004DFDAF /* Build configuration list for PBXNativeTarget "FogFog-iOS" */;
			buildPhases = (
				E42CDA508C1C5C9F396ABACE /* [CP] Check Pods Manifest.lock */,
				BDEA50D229261C7700110982 /* Run SwiftLint Script */,
				ECA4252529224DB8004DFDAF /* Sources */,
				ECA4252629224DB8004DFDAF /* Frameworks */,
				ECA4252729224DB8004DFDAF /* Resources */,
				91E7FC4BB854296B16FAAABD /* [CP] Copy Pods Resources */,
			);
			buildRules = (
			);
			dependencies = (
			);
			name = "FogFog-iOS";
			packageProductDependencies = (
				ECA4259D292346A2004DFDAF /* Then */,
				ECA425A0292346B1004DFDAF /* SnapKit */,
				ECA425A3292346BF004DFDAF /* Kingfisher */,
				ECA425B129234744004DFDAF /* Moya */,
				ECA425B329234744004DFDAF /* RxMoya */,
				ECA425C829234C4F004DFDAF /* RxCocoa */,
				ECA425CA29234C4F004DFDAF /* RxRelay */,
				ECA425CC29234C4F004DFDAF /* RxSwift */,
				772577D829349212008273A7 /* RxKeyboard */,
				772577DB2934924E008273A7 /* RxGesture */,
			);
			productName = "FogFog-iOS";
			productReference = ECA4252929224DB8004DFDAF /* FogFog-iOS.app */;
			productType = "com.apple.product-type.application";
		};
		ECA4253E29224DBB004DFDAF /* FogFog-iOSTests */ = {
			isa = PBXNativeTarget;
			buildConfigurationList = ECA4255629224DBB004DFDAF /* Build configuration list for PBXNativeTarget "FogFog-iOSTests" */;
			buildPhases = (
				06782D3B4C98AAB057BCB22A /* [CP] Check Pods Manifest.lock */,
				ECA4253B29224DBB004DFDAF /* Sources */,
				ECA4253C29224DBB004DFDAF /* Frameworks */,
				ECA4253D29224DBB004DFDAF /* Resources */,
			);
			buildRules = (
			);
			dependencies = (
				ECA4254129224DBB004DFDAF /* PBXTargetDependency */,
			);
			name = "FogFog-iOSTests";
			productName = "FogFog-iOSTests";
			productReference = ECA4253F29224DBB004DFDAF /* FogFog-iOSTests.xctest */;
			productType = "com.apple.product-type.bundle.unit-test";
		};
		ECA4254829224DBB004DFDAF /* FogFog-iOSUITests */ = {
			isa = PBXNativeTarget;
			buildConfigurationList = ECA4255929224DBB004DFDAF /* Build configuration list for PBXNativeTarget "FogFog-iOSUITests" */;
			buildPhases = (
				6FE48479E5C0D7422BA9FC77 /* [CP] Check Pods Manifest.lock */,
				ECA4254529224DBB004DFDAF /* Sources */,
				ECA4254629224DBB004DFDAF /* Frameworks */,
				ECA4254729224DBB004DFDAF /* Resources */,
				77E665F8674477CECF410D23 /* [CP] Copy Pods Resources */,
			);
			buildRules = (
			);
			dependencies = (
				ECA4254B29224DBB004DFDAF /* PBXTargetDependency */,
			);
			name = "FogFog-iOSUITests";
			productName = "FogFog-iOSUITests";
			productReference = ECA4254929224DBB004DFDAF /* FogFog-iOSUITests.xctest */;
			productType = "com.apple.product-type.bundle.ui-testing";
		};
/* End PBXNativeTarget section */

/* Begin PBXProject section */
		ECA4252129224DB8004DFDAF /* Project object */ = {
			isa = PBXProject;
			attributes = {
				BuildIndependentTargetsInParallel = 1;
				LastSwiftUpdateCheck = 1340;
				LastUpgradeCheck = 1340;
				TargetAttributes = {
					ECA4252829224DB8004DFDAF = {
						CreatedOnToolsVersion = 13.4.1;
					};
					ECA4253E29224DBB004DFDAF = {
						CreatedOnToolsVersion = 13.4.1;
						TestTargetID = ECA4252829224DB8004DFDAF;
					};
					ECA4254829224DBB004DFDAF = {
						CreatedOnToolsVersion = 13.4.1;
						TestTargetID = ECA4252829224DB8004DFDAF;
					};
				};
			};
			buildConfigurationList = ECA4252429224DB8004DFDAF /* Build configuration list for PBXProject "FogFog-iOS" */;
			compatibilityVersion = "Xcode 13.0";
			developmentRegion = en;
			hasScannedForEncodings = 0;
			knownRegions = (
				en,
				Base,
			);
			mainGroup = ECA4252029224DB8004DFDAF;
			packageReferences = (
				ECA4259C292346A2004DFDAF /* XCRemoteSwiftPackageReference "Then" */,
				ECA4259F292346B1004DFDAF /* XCRemoteSwiftPackageReference "SnapKit" */,
				ECA425A2292346BF004DFDAF /* XCRemoteSwiftPackageReference "Kingfisher" */,
				ECA425B029234744004DFDAF /* XCRemoteSwiftPackageReference "Moya" */,
				ECA425C729234C4F004DFDAF /* XCRemoteSwiftPackageReference "RxSwift" */,
				772577D729349212008273A7 /* XCRemoteSwiftPackageReference "RxKeyboard" */,
				772577DA2934924D008273A7 /* XCRemoteSwiftPackageReference "RxGesture" */,
			);
			productRefGroup = ECA4252A29224DB8004DFDAF /* Products */;
			projectDirPath = "";
			projectRoot = "";
			targets = (
				ECA4252829224DB8004DFDAF /* FogFog-iOS */,
				ECA4253E29224DBB004DFDAF /* FogFog-iOSTests */,
				ECA4254829224DBB004DFDAF /* FogFog-iOSUITests */,
			);
		};
/* End PBXProject section */

/* Begin PBXResourcesBuildPhase section */
		ECA4252729224DB8004DFDAF /* Resources */ = {
			isa = PBXResourcesBuildPhase;
			buildActionMask = 2147483647;
			files = (
				BDEA50D129261C6600110982 /* .swiftlint.yml in Resources */,
				77F1D8262926AAD600F31D0C /* Pretendard-Bold.otf in Resources */,
				77F1D8282926AADB00F31D0C /* Pretendard-ExtraLight.otf in Resources */,
				77F1D8272926AAD900F31D0C /* Pretendard-ExtraBold.otf in Resources */,
				77F1D82B2926AAE200F31D0C /* Pretendard-Regular.otf in Resources */,
				77F1D82D2926AAE800F31D0C /* Pretendard-Thin.otf in Resources */,
				77F1D8292926AADD00F31D0C /* Pretendard-Light.otf in Resources */,
				ECA4253929224DBB004DFDAF /* LaunchScreen.storyboard in Resources */,
				ECA425742922543B004DFDAF /* Color.xcassets in Resources */,
				77F1D82C2926AAE500F31D0C /* Pretendard-SemiBold.otf in Resources */,
				BDC50ECB292A07B2002378C6 /* GoogleMap.plist in Resources */,
				ECA4257229225409004DFDAF /* Image.xcassets in Resources */,
				77F1D8252926AAD300F31D0C /* Pretendard-Black.otf in Resources */,
				ECA4253629224DBB004DFDAF /* Asset.xcassets in Resources */,
				77F1D82A2926AAE000F31D0C /* Pretendard-Medium.otf in Resources */,
			);
			runOnlyForDeploymentPostprocessing = 0;
		};
		ECA4253D29224DBB004DFDAF /* Resources */ = {
			isa = PBXResourcesBuildPhase;
			buildActionMask = 2147483647;
			files = (
			);
			runOnlyForDeploymentPostprocessing = 0;
		};
		ECA4254729224DBB004DFDAF /* Resources */ = {
			isa = PBXResourcesBuildPhase;
			buildActionMask = 2147483647;
			files = (
			);
			runOnlyForDeploymentPostprocessing = 0;
		};
/* End PBXResourcesBuildPhase section */

/* Begin PBXShellScriptBuildPhase section */
		06782D3B4C98AAB057BCB22A /* [CP] Check Pods Manifest.lock */ = {
			isa = PBXShellScriptBuildPhase;
			buildActionMask = 2147483647;
			files = (
			);
			inputFileListPaths = (
			);
			inputPaths = (
				"${PODS_PODFILE_DIR_PATH}/Podfile.lock",
				"${PODS_ROOT}/Manifest.lock",
			);
			name = "[CP] Check Pods Manifest.lock";
			outputFileListPaths = (
			);
			outputPaths = (
				"$(DERIVED_FILE_DIR)/Pods-FogFog-iOSTests-checkManifestLockResult.txt",
			);
			runOnlyForDeploymentPostprocessing = 0;
			shellPath = /bin/sh;
			shellScript = "diff \"${PODS_PODFILE_DIR_PATH}/Podfile.lock\" \"${PODS_ROOT}/Manifest.lock\" > /dev/null\nif [ $? != 0 ] ; then\n    # print error to STDERR\n    echo \"error: The sandbox is not in sync with the Podfile.lock. Run 'pod install' or update your CocoaPods installation.\" >&2\n    exit 1\nfi\n# This output is used by Xcode 'outputs' to avoid re-running this script phase.\necho \"SUCCESS\" > \"${SCRIPT_OUTPUT_FILE_0}\"\n";
			showEnvVarsInLog = 0;
		};
		6FE48479E5C0D7422BA9FC77 /* [CP] Check Pods Manifest.lock */ = {
			isa = PBXShellScriptBuildPhase;
			buildActionMask = 2147483647;
			files = (
			);
			inputFileListPaths = (
			);
			inputPaths = (
				"${PODS_PODFILE_DIR_PATH}/Podfile.lock",
				"${PODS_ROOT}/Manifest.lock",
			);
			name = "[CP] Check Pods Manifest.lock";
			outputFileListPaths = (
			);
			outputPaths = (
				"$(DERIVED_FILE_DIR)/Pods-FogFog-iOS-FogFog-iOSUITests-checkManifestLockResult.txt",
			);
			runOnlyForDeploymentPostprocessing = 0;
			shellPath = /bin/sh;
			shellScript = "diff \"${PODS_PODFILE_DIR_PATH}/Podfile.lock\" \"${PODS_ROOT}/Manifest.lock\" > /dev/null\nif [ $? != 0 ] ; then\n    # print error to STDERR\n    echo \"error: The sandbox is not in sync with the Podfile.lock. Run 'pod install' or update your CocoaPods installation.\" >&2\n    exit 1\nfi\n# This output is used by Xcode 'outputs' to avoid re-running this script phase.\necho \"SUCCESS\" > \"${SCRIPT_OUTPUT_FILE_0}\"\n";
			showEnvVarsInLog = 0;
		};
		77E665F8674477CECF410D23 /* [CP] Copy Pods Resources */ = {
			isa = PBXShellScriptBuildPhase;
			buildActionMask = 2147483647;
			files = (
			);
			inputFileListPaths = (
				"${PODS_ROOT}/Target Support Files/Pods-FogFog-iOS-FogFog-iOSUITests/Pods-FogFog-iOS-FogFog-iOSUITests-resources-${CONFIGURATION}-input-files.xcfilelist",
			);
			name = "[CP] Copy Pods Resources";
			outputFileListPaths = (
				"${PODS_ROOT}/Target Support Files/Pods-FogFog-iOS-FogFog-iOSUITests/Pods-FogFog-iOS-FogFog-iOSUITests-resources-${CONFIGURATION}-output-files.xcfilelist",
			);
			runOnlyForDeploymentPostprocessing = 0;
			shellPath = /bin/sh;
			shellScript = "\"${PODS_ROOT}/Target Support Files/Pods-FogFog-iOS-FogFog-iOSUITests/Pods-FogFog-iOS-FogFog-iOSUITests-resources.sh\"\n";
			showEnvVarsInLog = 0;
		};
		91E7FC4BB854296B16FAAABD /* [CP] Copy Pods Resources */ = {
			isa = PBXShellScriptBuildPhase;
			buildActionMask = 2147483647;
			files = (
			);
			inputFileListPaths = (
				"${PODS_ROOT}/Target Support Files/Pods-FogFog-iOS/Pods-FogFog-iOS-resources-${CONFIGURATION}-input-files.xcfilelist",
			);
			name = "[CP] Copy Pods Resources";
			outputFileListPaths = (
				"${PODS_ROOT}/Target Support Files/Pods-FogFog-iOS/Pods-FogFog-iOS-resources-${CONFIGURATION}-output-files.xcfilelist",
			);
			runOnlyForDeploymentPostprocessing = 0;
			shellPath = /bin/sh;
			shellScript = "\"${PODS_ROOT}/Target Support Files/Pods-FogFog-iOS/Pods-FogFog-iOS-resources.sh\"\n";
			showEnvVarsInLog = 0;
		};
		BDEA50D229261C7700110982 /* Run SwiftLint Script */ = {
			isa = PBXShellScriptBuildPhase;
			alwaysOutOfDate = 1;
			buildActionMask = 2147483647;
			files = (
			);
			inputFileListPaths = (
			);
			inputPaths = (
			);
			name = "Run SwiftLint Script";
			outputFileListPaths = (
			);
			outputPaths = (
			);
			runOnlyForDeploymentPostprocessing = 0;
			shellPath = /bin/sh;
			shellScript = "export PATH=\"$PATH:/opt/homebrew/bin\"\n\nif which swiftlint > /dev/null; then\n  swiftlint\nelse\n  echo \"warning: SwiftLint not installed, download from https://github.com/realm/SwiftLint\"\nfi\n";
		};
		E42CDA508C1C5C9F396ABACE /* [CP] Check Pods Manifest.lock */ = {
			isa = PBXShellScriptBuildPhase;
			buildActionMask = 2147483647;
			files = (
			);
			inputFileListPaths = (
			);
			inputPaths = (
				"${PODS_PODFILE_DIR_PATH}/Podfile.lock",
				"${PODS_ROOT}/Manifest.lock",
			);
			name = "[CP] Check Pods Manifest.lock";
			outputFileListPaths = (
			);
			outputPaths = (
				"$(DERIVED_FILE_DIR)/Pods-FogFog-iOS-checkManifestLockResult.txt",
			);
			runOnlyForDeploymentPostprocessing = 0;
			shellPath = /bin/sh;
			shellScript = "diff \"${PODS_PODFILE_DIR_PATH}/Podfile.lock\" \"${PODS_ROOT}/Manifest.lock\" > /dev/null\nif [ $? != 0 ] ; then\n    # print error to STDERR\n    echo \"error: The sandbox is not in sync with the Podfile.lock. Run 'pod install' or update your CocoaPods installation.\" >&2\n    exit 1\nfi\n# This output is used by Xcode 'outputs' to avoid re-running this script phase.\necho \"SUCCESS\" > \"${SCRIPT_OUTPUT_FILE_0}\"\n";
			showEnvVarsInLog = 0;
		};
/* End PBXShellScriptBuildPhase section */

/* Begin PBXSourcesBuildPhase section */
		ECA4252529224DB8004DFDAF /* Sources */ = {
			isa = PBXSourcesBuildPhase;
			buildActionMask = 2147483647;
			files = (
				ECA4259929229BD9004DFDAF /* UIFont + Extension.swift in Sources */,
				BD347C58292FD1BC009F52BA /* RoadPopUpViewController.swift in Sources */,
				77F1D82F2927F2CC00F31D0C /* Adjusted + Extension.swift in Sources */,
				ECA4257629225450004DFDAF /* SplashViewController.swift in Sources */,
				77E70F4A2930D0FA00F55CD7 /* MakeNicknameViewModel.swift in Sources */,
				ECA425DA29253155004DFDAF /* Coordinator.swift in Sources */,
				ECA425F4292634A6004DFDAF /* LoginViewController.swift in Sources */,
				ECA425CF292382AD004DFDAF /* NavigationView.swift in Sources */,
				77F899DE29308C6000806896 /* FogTextField.swift in Sources */,
				BD347C65292FEB08009F52BA /* RoadPopUpViewModel.swift in Sources */,
				ECA425E0292532B7004DFDAF /* AppCoordinator.swift in Sources */,
				ECA425E629262A42004DFDAF /* ImplLoginCoordinator.swift in Sources */,
				ECA425DC29253259004DFDAF /* CoordinatorFinishDelegate.swift in Sources */,
				ECA4257C292254B0004DFDAF /* SideBarViewController.swift in Sources */,
				ECA4252D29224DB8004DFDAF /* AppDelegate.swift in Sources */,
				ECA425EA29262A80004DFDAF /* LoginCoordinator.swift in Sources */,
				ECA425DE29253292004DFDAF /* CoordinatorCase.swift in Sources */,
				BD90E9E02976C3EF00C7CB6B /* NetworkEnv.swift in Sources */,
				BD46305C292A25B300E9E9C2 /* BottomDetailRootView.swift in Sources */,
				BD4B550F292A29EC00ECFD04 /* SmokePlace.swift in Sources */,
				ECA425F6292634C9004DFDAF /* LoginViewModel.swift in Sources */,
				BD90E9E22976C4F800C7CB6B /* Networking.swift in Sources */,
				ECA4259729229B15004DFDAF /* FogFont.swift in Sources */,
				BDC50ED2292A07EB002378C6 /* BottomDetailViewModel.swift in Sources */,
				BD90E9DC2976C02100C7CB6B /* CommonResponse.swift in Sources */,
				BD347C5A292FD226009F52BA /* ExMapType.swift in Sources */,
				77F1D82229269CC800F31D0C /* UIColor + Extension.swift in Sources */,
				77F1D82429269E1C00F31D0C /* UIView + Extension.swift in Sources */,
				BD4E13652973DAC400AEA757 /* NetworkError.swift in Sources */,
				77E70F462930951100F55CD7 /* UITextField + Extension.swift in Sources */,
				BDC50ED6292A09BD002378C6 /* BaseView.swift in Sources */,
				BD90E9DE2976C11E00C7CB6B /* FogAPI.swift in Sources */,
				ECA4257A292254A8004DFDAF /* BottomDetailViewController.swift in Sources */,
				BD347C5E292FD2BE009F52BA /* FogButtonStyle.swift in Sources */,
				ECA4259B2922A4A6004DFDAF /* FogImage.swift in Sources */,
				ECA425E829262A78004DFDAF /* MapCoordinator.swift in Sources */,
				77E70F4829309A6D00F55CD7 /* UILabel + Extension.swift in Sources */,
				77D32D41292A0EDD006E6314 /* ViewModelType.swift in Sources */,
				BD2D276B297D17E400984B97 /* UserAPI.swift in Sources */,
				ECA425E2292532CA004DFDAF /* ImplAppCoordinator.swift in Sources */,
				ECA4252F29224DB8004DFDAF /* SceneDelegate.swift in Sources */,
				ECA425EC29262CF8004DFDAF /* MapViewModel.swift in Sources */,
				7761D4F4292F3471003971DC /* MakeNicknameViewController.swift in Sources */,
				77D32D43292CD6A3006E6314 /* SideBarView.swift in Sources */,
				BD347C60292FD4C8009F52BA /* FogButton.swift in Sources */,
				ECA4257E292254C6004DFDAF /* BaseViewController.swift in Sources */,
				7761D4F6292F3749003971DC /* FogNavigationView.swift in Sources */,
				ECA425782922545C004DFDAF /* MapViewController.swift in Sources */,
				BD347C63292FEA15009F52BA /* RoadPopUpView.swift in Sources */,
				ECA425D72924DA66004DFDAF /* Bundle + Extension.swift in Sources */,
				ECA425E429262A37004DFDAF /* ImplMapCoordinator.swift in Sources */,
			);
			runOnlyForDeploymentPostprocessing = 0;
		};
		ECA4253B29224DBB004DFDAF /* Sources */ = {
			isa = PBXSourcesBuildPhase;
			buildActionMask = 2147483647;
			files = (
				ECA4254429224DBB004DFDAF /* FogFog_iOSTests.swift in Sources */,
			);
			runOnlyForDeploymentPostprocessing = 0;
		};
		ECA4254529224DBB004DFDAF /* Sources */ = {
			isa = PBXSourcesBuildPhase;
			buildActionMask = 2147483647;
			files = (
				ECA4255029224DBB004DFDAF /* FogFog_iOSUITestsLaunchTests.swift in Sources */,
				ECA4254E29224DBB004DFDAF /* FogFog_iOSUITests.swift in Sources */,
			);
			runOnlyForDeploymentPostprocessing = 0;
		};
/* End PBXSourcesBuildPhase section */

/* Begin PBXTargetDependency section */
		ECA4254129224DBB004DFDAF /* PBXTargetDependency */ = {
			isa = PBXTargetDependency;
			target = ECA4252829224DB8004DFDAF /* FogFog-iOS */;
			targetProxy = ECA4254029224DBB004DFDAF /* PBXContainerItemProxy */;
		};
		ECA4254B29224DBB004DFDAF /* PBXTargetDependency */ = {
			isa = PBXTargetDependency;
			target = ECA4252829224DB8004DFDAF /* FogFog-iOS */;
			targetProxy = ECA4254A29224DBB004DFDAF /* PBXContainerItemProxy */;
		};
/* End PBXTargetDependency section */

/* Begin PBXVariantGroup section */
		ECA4253729224DBB004DFDAF /* LaunchScreen.storyboard */ = {
			isa = PBXVariantGroup;
			children = (
				ECA4253829224DBB004DFDAF /* Base */,
			);
			name = LaunchScreen.storyboard;
			sourceTree = "<group>";
		};
/* End PBXVariantGroup section */

/* Begin XCBuildConfiguration section */
		ECA4255129224DBB004DFDAF /* Debug */ = {
			isa = XCBuildConfiguration;
			buildSettings = {
				ALWAYS_SEARCH_USER_PATHS = NO;
				CLANG_ANALYZER_NONNULL = YES;
				CLANG_ANALYZER_NUMBER_OBJECT_CONVERSION = YES_AGGRESSIVE;
				CLANG_CXX_LANGUAGE_STANDARD = "gnu++17";
				CLANG_ENABLE_MODULES = YES;
				CLANG_ENABLE_OBJC_ARC = YES;
				CLANG_ENABLE_OBJC_WEAK = YES;
				CLANG_WARN_BLOCK_CAPTURE_AUTORELEASING = YES;
				CLANG_WARN_BOOL_CONVERSION = YES;
				CLANG_WARN_COMMA = YES;
				CLANG_WARN_CONSTANT_CONVERSION = YES;
				CLANG_WARN_DEPRECATED_OBJC_IMPLEMENTATIONS = YES;
				CLANG_WARN_DIRECT_OBJC_ISA_USAGE = YES_ERROR;
				CLANG_WARN_DOCUMENTATION_COMMENTS = YES;
				CLANG_WARN_EMPTY_BODY = YES;
				CLANG_WARN_ENUM_CONVERSION = YES;
				CLANG_WARN_INFINITE_RECURSION = YES;
				CLANG_WARN_INT_CONVERSION = YES;
				CLANG_WARN_NON_LITERAL_NULL_CONVERSION = YES;
				CLANG_WARN_OBJC_IMPLICIT_RETAIN_SELF = YES;
				CLANG_WARN_OBJC_LITERAL_CONVERSION = YES;
				CLANG_WARN_OBJC_ROOT_CLASS = YES_ERROR;
				CLANG_WARN_QUOTED_INCLUDE_IN_FRAMEWORK_HEADER = YES;
				CLANG_WARN_RANGE_LOOP_ANALYSIS = YES;
				CLANG_WARN_STRICT_PROTOTYPES = YES;
				CLANG_WARN_SUSPICIOUS_MOVE = YES;
				CLANG_WARN_UNGUARDED_AVAILABILITY = YES_AGGRESSIVE;
				CLANG_WARN_UNREACHABLE_CODE = YES;
				CLANG_WARN__DUPLICATE_METHOD_MATCH = YES;
				COPY_PHASE_STRIP = NO;
				DEBUG_INFORMATION_FORMAT = dwarf;
				ENABLE_STRICT_OBJC_MSGSEND = YES;
				ENABLE_TESTABILITY = YES;
				GCC_C_LANGUAGE_STANDARD = gnu11;
				GCC_DYNAMIC_NO_PIC = NO;
				GCC_NO_COMMON_BLOCKS = YES;
				GCC_OPTIMIZATION_LEVEL = 0;
				GCC_PREPROCESSOR_DEFINITIONS = (
					"DEBUG=1",
					"$(inherited)",
				);
				GCC_WARN_64_TO_32_BIT_CONVERSION = YES;
				GCC_WARN_ABOUT_RETURN_TYPE = YES_ERROR;
				GCC_WARN_UNDECLARED_SELECTOR = YES;
				GCC_WARN_UNINITIALIZED_AUTOS = YES_AGGRESSIVE;
				GCC_WARN_UNUSED_FUNCTION = YES;
				GCC_WARN_UNUSED_VARIABLE = YES;
				IPHONEOS_DEPLOYMENT_TARGET = 15.5;
				MTL_ENABLE_DEBUG_INFO = INCLUDE_SOURCE;
				MTL_FAST_MATH = YES;
				ONLY_ACTIVE_ARCH = YES;
				SDKROOT = iphoneos;
				SWIFT_ACTIVE_COMPILATION_CONDITIONS = DEBUG;
				SWIFT_OPTIMIZATION_LEVEL = "-Onone";
			};
			name = Debug;
		};
		ECA4255229224DBB004DFDAF /* Release */ = {
			isa = XCBuildConfiguration;
			buildSettings = {
				ALWAYS_SEARCH_USER_PATHS = NO;
				CLANG_ANALYZER_NONNULL = YES;
				CLANG_ANALYZER_NUMBER_OBJECT_CONVERSION = YES_AGGRESSIVE;
				CLANG_CXX_LANGUAGE_STANDARD = "gnu++17";
				CLANG_ENABLE_MODULES = YES;
				CLANG_ENABLE_OBJC_ARC = YES;
				CLANG_ENABLE_OBJC_WEAK = YES;
				CLANG_WARN_BLOCK_CAPTURE_AUTORELEASING = YES;
				CLANG_WARN_BOOL_CONVERSION = YES;
				CLANG_WARN_COMMA = YES;
				CLANG_WARN_CONSTANT_CONVERSION = YES;
				CLANG_WARN_DEPRECATED_OBJC_IMPLEMENTATIONS = YES;
				CLANG_WARN_DIRECT_OBJC_ISA_USAGE = YES_ERROR;
				CLANG_WARN_DOCUMENTATION_COMMENTS = YES;
				CLANG_WARN_EMPTY_BODY = YES;
				CLANG_WARN_ENUM_CONVERSION = YES;
				CLANG_WARN_INFINITE_RECURSION = YES;
				CLANG_WARN_INT_CONVERSION = YES;
				CLANG_WARN_NON_LITERAL_NULL_CONVERSION = YES;
				CLANG_WARN_OBJC_IMPLICIT_RETAIN_SELF = YES;
				CLANG_WARN_OBJC_LITERAL_CONVERSION = YES;
				CLANG_WARN_OBJC_ROOT_CLASS = YES_ERROR;
				CLANG_WARN_QUOTED_INCLUDE_IN_FRAMEWORK_HEADER = YES;
				CLANG_WARN_RANGE_LOOP_ANALYSIS = YES;
				CLANG_WARN_STRICT_PROTOTYPES = YES;
				CLANG_WARN_SUSPICIOUS_MOVE = YES;
				CLANG_WARN_UNGUARDED_AVAILABILITY = YES_AGGRESSIVE;
				CLANG_WARN_UNREACHABLE_CODE = YES;
				CLANG_WARN__DUPLICATE_METHOD_MATCH = YES;
				COPY_PHASE_STRIP = NO;
				DEBUG_INFORMATION_FORMAT = "dwarf-with-dsym";
				ENABLE_NS_ASSERTIONS = NO;
				ENABLE_STRICT_OBJC_MSGSEND = YES;
				GCC_C_LANGUAGE_STANDARD = gnu11;
				GCC_NO_COMMON_BLOCKS = YES;
				GCC_WARN_64_TO_32_BIT_CONVERSION = YES;
				GCC_WARN_ABOUT_RETURN_TYPE = YES_ERROR;
				GCC_WARN_UNDECLARED_SELECTOR = YES;
				GCC_WARN_UNINITIALIZED_AUTOS = YES_AGGRESSIVE;
				GCC_WARN_UNUSED_FUNCTION = YES;
				GCC_WARN_UNUSED_VARIABLE = YES;
				IPHONEOS_DEPLOYMENT_TARGET = 15.5;
				MTL_ENABLE_DEBUG_INFO = NO;
				MTL_FAST_MATH = YES;
				SDKROOT = iphoneos;
				SWIFT_COMPILATION_MODE = wholemodule;
				SWIFT_OPTIMIZATION_LEVEL = "-O";
				VALIDATE_PRODUCT = YES;
			};
			name = Release;
		};
		ECA4255429224DBB004DFDAF /* Debug */ = {
			isa = XCBuildConfiguration;
			baseConfigurationReference = A9F085CD5FE1A63DDBE5140E /* Pods-FogFog-iOS.debug.xcconfig */;
			buildSettings = {
				ASSETCATALOG_COMPILER_APPICON_NAME = AppIcon;
				ASSETCATALOG_COMPILER_GLOBAL_ACCENT_COLOR_NAME = AccentColor;
				CODE_SIGN_IDENTITY = "Apple Development";
				CODE_SIGN_STYLE = Automatic;
				CURRENT_PROJECT_VERSION = 1;
				DEVELOPMENT_TEAM = W7P3R7ZL78;
				GENERATE_INFOPLIST_FILE = YES;
				INFOPLIST_FILE = "FogFog-iOS/Supports/Info.plist";
				INFOPLIST_KEY_NSLocationAlwaysAndWhenInUseUsageDescription = "위치 권한 체크";
				INFOPLIST_KEY_NSLocationAlwaysUsageDescription = "위치 권한 체크";
				INFOPLIST_KEY_NSLocationWhenInUseUsageDescription = "위치 권한 체크";
				INFOPLIST_KEY_UIApplicationSupportsIndirectInputEvents = YES;
				INFOPLIST_KEY_UILaunchStoryboardName = LaunchScreen;
				INFOPLIST_KEY_UISupportedInterfaceOrientations_iPad = "UIInterfaceOrientationPortrait UIInterfaceOrientationPortraitUpsideDown UIInterfaceOrientationLandscapeLeft UIInterfaceOrientationLandscapeRight";
				INFOPLIST_KEY_UISupportedInterfaceOrientations_iPhone = "UIInterfaceOrientationPortrait UIInterfaceOrientationLandscapeLeft UIInterfaceOrientationLandscapeRight";
				LD_RUNPATH_SEARCH_PATHS = (
					"$(inherited)",
					"@executable_path/Frameworks",
				);
				MARKETING_VERSION = 1.0;
				PRODUCT_BUNDLE_IDENTIFIER = "com.FogFog-iOS";
				PRODUCT_NAME = "$(TARGET_NAME)";
				PROVISIONING_PROFILE_SPECIFIER = "";
				SWIFT_EMIT_LOC_STRINGS = YES;
				SWIFT_VERSION = 5.0;
				TARGETED_DEVICE_FAMILY = "1,2";
			};
			name = Debug;
		};
		ECA4255529224DBB004DFDAF /* Release */ = {
			isa = XCBuildConfiguration;
			baseConfigurationReference = 888CEAED3234D2B94DAA26DB /* Pods-FogFog-iOS.release.xcconfig */;
			buildSettings = {
				ASSETCATALOG_COMPILER_APPICON_NAME = AppIcon;
				ASSETCATALOG_COMPILER_GLOBAL_ACCENT_COLOR_NAME = AccentColor;
				CODE_SIGN_IDENTITY = "Apple Development";
				CODE_SIGN_STYLE = Automatic;
				CURRENT_PROJECT_VERSION = 1;
				DEVELOPMENT_TEAM = W7P3R7ZL78;
				GENERATE_INFOPLIST_FILE = YES;
				INFOPLIST_FILE = "FogFog-iOS/Supports/Info.plist";
				INFOPLIST_KEY_NSLocationAlwaysAndWhenInUseUsageDescription = "위치 권한 체크";
				INFOPLIST_KEY_NSLocationAlwaysUsageDescription = "위치 권한 체크";
				INFOPLIST_KEY_NSLocationWhenInUseUsageDescription = "위치 권한 체크";
				INFOPLIST_KEY_UIApplicationSupportsIndirectInputEvents = YES;
				INFOPLIST_KEY_UILaunchStoryboardName = LaunchScreen;
				INFOPLIST_KEY_UISupportedInterfaceOrientations_iPad = "UIInterfaceOrientationPortrait UIInterfaceOrientationPortraitUpsideDown UIInterfaceOrientationLandscapeLeft UIInterfaceOrientationLandscapeRight";
				INFOPLIST_KEY_UISupportedInterfaceOrientations_iPhone = "UIInterfaceOrientationPortrait UIInterfaceOrientationLandscapeLeft UIInterfaceOrientationLandscapeRight";
				LD_RUNPATH_SEARCH_PATHS = (
					"$(inherited)",
					"@executable_path/Frameworks",
				);
				MARKETING_VERSION = 1.0;
				PRODUCT_BUNDLE_IDENTIFIER = "com.FogFog-iOS";
				PRODUCT_NAME = "$(TARGET_NAME)";
				PROVISIONING_PROFILE_SPECIFIER = "";
				SWIFT_EMIT_LOC_STRINGS = YES;
				SWIFT_VERSION = 5.0;
				TARGETED_DEVICE_FAMILY = "1,2";
			};
			name = Release;
		};
		ECA4255729224DBB004DFDAF /* Debug */ = {
			isa = XCBuildConfiguration;
			baseConfigurationReference = 30E75DE5335BE7B01C6F6804 /* Pods-FogFog-iOSTests.debug.xcconfig */;
			buildSettings = {
				ALWAYS_EMBED_SWIFT_STANDARD_LIBRARIES = YES;
				BUNDLE_LOADER = "$(TEST_HOST)";
				CODE_SIGN_STYLE = Automatic;
				CURRENT_PROJECT_VERSION = 1;
				DEVELOPMENT_TEAM = RQHZUCMHSH;
				GENERATE_INFOPLIST_FILE = YES;
				IPHONEOS_DEPLOYMENT_TARGET = 15.5;
				MARKETING_VERSION = 1.0;
				PRODUCT_BUNDLE_IDENTIFIER = "seungchan.FogFog-iOSTests";
				PRODUCT_NAME = "$(TARGET_NAME)";
				SWIFT_EMIT_LOC_STRINGS = NO;
				SWIFT_VERSION = 5.0;
				TARGETED_DEVICE_FAMILY = "1,2";
				TEST_HOST = "$(BUILT_PRODUCTS_DIR)/FogFog-iOS.app/FogFog-iOS";
			};
			name = Debug;
		};
		ECA4255829224DBB004DFDAF /* Release */ = {
			isa = XCBuildConfiguration;
			baseConfigurationReference = 568E5A05A08D8D049D3D8E62 /* Pods-FogFog-iOSTests.release.xcconfig */;
			buildSettings = {
				ALWAYS_EMBED_SWIFT_STANDARD_LIBRARIES = YES;
				BUNDLE_LOADER = "$(TEST_HOST)";
				CODE_SIGN_STYLE = Automatic;
				CURRENT_PROJECT_VERSION = 1;
				DEVELOPMENT_TEAM = RQHZUCMHSH;
				GENERATE_INFOPLIST_FILE = YES;
				IPHONEOS_DEPLOYMENT_TARGET = 15.5;
				MARKETING_VERSION = 1.0;
				PRODUCT_BUNDLE_IDENTIFIER = "seungchan.FogFog-iOSTests";
				PRODUCT_NAME = "$(TARGET_NAME)";
				SWIFT_EMIT_LOC_STRINGS = NO;
				SWIFT_VERSION = 5.0;
				TARGETED_DEVICE_FAMILY = "1,2";
				TEST_HOST = "$(BUILT_PRODUCTS_DIR)/FogFog-iOS.app/FogFog-iOS";
			};
			name = Release;
		};
		ECA4255A29224DBB004DFDAF /* Debug */ = {
			isa = XCBuildConfiguration;
			baseConfigurationReference = 47D49EE273F775CA2202B593 /* Pods-FogFog-iOS-FogFog-iOSUITests.debug.xcconfig */;
			buildSettings = {
				ALWAYS_EMBED_SWIFT_STANDARD_LIBRARIES = YES;
				CODE_SIGN_STYLE = Automatic;
				CURRENT_PROJECT_VERSION = 1;
				DEVELOPMENT_TEAM = RQHZUCMHSH;
				GENERATE_INFOPLIST_FILE = YES;
				MARKETING_VERSION = 1.0;
				PRODUCT_BUNDLE_IDENTIFIER = "seungchan.FogFog-iOSUITests";
				PRODUCT_NAME = "$(TARGET_NAME)";
				SWIFT_EMIT_LOC_STRINGS = NO;
				SWIFT_VERSION = 5.0;
				TARGETED_DEVICE_FAMILY = "1,2";
				TEST_TARGET_NAME = "FogFog-iOS";
			};
			name = Debug;
		};
		ECA4255B29224DBB004DFDAF /* Release */ = {
			isa = XCBuildConfiguration;
			baseConfigurationReference = DABD884BD50346C82E3C3CA3 /* Pods-FogFog-iOS-FogFog-iOSUITests.release.xcconfig */;
			buildSettings = {
				ALWAYS_EMBED_SWIFT_STANDARD_LIBRARIES = YES;
				CODE_SIGN_STYLE = Automatic;
				CURRENT_PROJECT_VERSION = 1;
				DEVELOPMENT_TEAM = RQHZUCMHSH;
				GENERATE_INFOPLIST_FILE = YES;
				MARKETING_VERSION = 1.0;
				PRODUCT_BUNDLE_IDENTIFIER = "seungchan.FogFog-iOSUITests";
				PRODUCT_NAME = "$(TARGET_NAME)";
				SWIFT_EMIT_LOC_STRINGS = NO;
				SWIFT_VERSION = 5.0;
				TARGETED_DEVICE_FAMILY = "1,2";
				TEST_TARGET_NAME = "FogFog-iOS";
			};
			name = Release;
		};
/* End XCBuildConfiguration section */

/* Begin XCConfigurationList section */
		ECA4252429224DB8004DFDAF /* Build configuration list for PBXProject "FogFog-iOS" */ = {
			isa = XCConfigurationList;
			buildConfigurations = (
				ECA4255129224DBB004DFDAF /* Debug */,
				ECA4255229224DBB004DFDAF /* Release */,
			);
			defaultConfigurationIsVisible = 0;
			defaultConfigurationName = Release;
		};
		ECA4255329224DBB004DFDAF /* Build configuration list for PBXNativeTarget "FogFog-iOS" */ = {
			isa = XCConfigurationList;
			buildConfigurations = (
				ECA4255429224DBB004DFDAF /* Debug */,
				ECA4255529224DBB004DFDAF /* Release */,
			);
			defaultConfigurationIsVisible = 0;
			defaultConfigurationName = Release;
		};
		ECA4255629224DBB004DFDAF /* Build configuration list for PBXNativeTarget "FogFog-iOSTests" */ = {
			isa = XCConfigurationList;
			buildConfigurations = (
				ECA4255729224DBB004DFDAF /* Debug */,
				ECA4255829224DBB004DFDAF /* Release */,
			);
			defaultConfigurationIsVisible = 0;
			defaultConfigurationName = Release;
		};
		ECA4255929224DBB004DFDAF /* Build configuration list for PBXNativeTarget "FogFog-iOSUITests" */ = {
			isa = XCConfigurationList;
			buildConfigurations = (
				ECA4255A29224DBB004DFDAF /* Debug */,
				ECA4255B29224DBB004DFDAF /* Release */,
			);
			defaultConfigurationIsVisible = 0;
			defaultConfigurationName = Release;
		};
/* End XCConfigurationList section */

/* Begin XCRemoteSwiftPackageReference section */
		772577D729349212008273A7 /* XCRemoteSwiftPackageReference "RxKeyboard" */ = {
			isa = XCRemoteSwiftPackageReference;
			repositoryURL = "https://github.com/RxSwiftCommunity/RxKeyboard.git";
			requirement = {
				kind = upToNextMajorVersion;
				minimumVersion = 2.0.0;
			};
		};
		772577DA2934924D008273A7 /* XCRemoteSwiftPackageReference "RxGesture" */ = {
			isa = XCRemoteSwiftPackageReference;
			repositoryURL = "https://github.com/RxSwiftCommunity/RxGesture.git";
			requirement = {
				kind = upToNextMajorVersion;
				minimumVersion = 4.0.0;
			};
		};
		ECA4259C292346A2004DFDAF /* XCRemoteSwiftPackageReference "Then" */ = {
			isa = XCRemoteSwiftPackageReference;
			repositoryURL = "https://github.com/devxoul/Then.git";
			requirement = {
				kind = upToNextMajorVersion;
				minimumVersion = 3.0.0;
			};
		};
		ECA4259F292346B1004DFDAF /* XCRemoteSwiftPackageReference "SnapKit" */ = {
			isa = XCRemoteSwiftPackageReference;
			repositoryURL = "https://github.com/SnapKit/SnapKit.git";
			requirement = {
				kind = upToNextMajorVersion;
				minimumVersion = 5.0.0;
			};
		};
		ECA425A2292346BF004DFDAF /* XCRemoteSwiftPackageReference "Kingfisher" */ = {
			isa = XCRemoteSwiftPackageReference;
			repositoryURL = "https://github.com/onevcat/Kingfisher.git";
			requirement = {
				kind = upToNextMajorVersion;
				minimumVersion = 7.0.0;
			};
		};
		ECA425B029234744004DFDAF /* XCRemoteSwiftPackageReference "Moya" */ = {
			isa = XCRemoteSwiftPackageReference;
			repositoryURL = "https://github.com/Moya/Moya.git";
			requirement = {
				branch = master;
				kind = branch;
			};
		};
		ECA425C729234C4F004DFDAF /* XCRemoteSwiftPackageReference "RxSwift" */ = {
			isa = XCRemoteSwiftPackageReference;
			repositoryURL = "https://github.com/ReactiveX/RxSwift.git";
			requirement = {
				kind = upToNextMajorVersion;
				minimumVersion = 6.0.0;
			};
		};
/* End XCRemoteSwiftPackageReference section */

/* Begin XCSwiftPackageProductDependency section */
		772577D829349212008273A7 /* RxKeyboard */ = {
			isa = XCSwiftPackageProductDependency;
			package = 772577D729349212008273A7 /* XCRemoteSwiftPackageReference "RxKeyboard" */;
			productName = RxKeyboard;
		};
		772577DB2934924E008273A7 /* RxGesture */ = {
			isa = XCSwiftPackageProductDependency;
			package = 772577DA2934924D008273A7 /* XCRemoteSwiftPackageReference "RxGesture" */;
			productName = RxGesture;
		};
		ECA4259D292346A2004DFDAF /* Then */ = {
			isa = XCSwiftPackageProductDependency;
			package = ECA4259C292346A2004DFDAF /* XCRemoteSwiftPackageReference "Then" */;
			productName = Then;
		};
		ECA425A0292346B1004DFDAF /* SnapKit */ = {
			isa = XCSwiftPackageProductDependency;
			package = ECA4259F292346B1004DFDAF /* XCRemoteSwiftPackageReference "SnapKit" */;
			productName = SnapKit;
		};
		ECA425A3292346BF004DFDAF /* Kingfisher */ = {
			isa = XCSwiftPackageProductDependency;
			package = ECA425A2292346BF004DFDAF /* XCRemoteSwiftPackageReference "Kingfisher" */;
			productName = Kingfisher;
		};
		ECA425B129234744004DFDAF /* Moya */ = {
			isa = XCSwiftPackageProductDependency;
			package = ECA425B029234744004DFDAF /* XCRemoteSwiftPackageReference "Moya" */;
			productName = Moya;
		};
		ECA425B329234744004DFDAF /* RxMoya */ = {
			isa = XCSwiftPackageProductDependency;
			package = ECA425B029234744004DFDAF /* XCRemoteSwiftPackageReference "Moya" */;
			productName = RxMoya;
		};
		ECA425C829234C4F004DFDAF /* RxCocoa */ = {
			isa = XCSwiftPackageProductDependency;
			package = ECA425C729234C4F004DFDAF /* XCRemoteSwiftPackageReference "RxSwift" */;
			productName = RxCocoa;
		};
		ECA425CA29234C4F004DFDAF /* RxRelay */ = {
			isa = XCSwiftPackageProductDependency;
			package = ECA425C729234C4F004DFDAF /* XCRemoteSwiftPackageReference "RxSwift" */;
			productName = RxRelay;
		};
		ECA425CC29234C4F004DFDAF /* RxSwift */ = {
			isa = XCSwiftPackageProductDependency;
			package = ECA425C729234C4F004DFDAF /* XCRemoteSwiftPackageReference "RxSwift" */;
			productName = RxSwift;
		};
/* End XCSwiftPackageProductDependency section */
	};
	rootObject = ECA4252129224DB8004DFDAF /* Project object */;
}
