PODS:
  - Google-Maps-iOS-Utils (3.4.0):
    - Google-Maps-iOS-Utils/Clustering (= 3.4.0)
    - Google-Maps-iOS-Utils/Geometry (= 3.4.0)
    - Google-Maps-iOS-Utils/Heatmap (= 3.4.0)
    - Google-Maps-iOS-Utils/QuadTree (= 3.4.0)
    - GoogleMaps
  - Google-Maps-iOS-Utils/Clustering (3.4.0):
    - Google-Maps-iOS-Utils/QuadTree
    - GoogleMaps
  - Google-Maps-iOS-Utils/Geometry (3.4.0):
    - GoogleMaps
  - Google-Maps-iOS-Utils/Heatmap (3.4.0):
    - Google-Maps-iOS-Utils/QuadTree
    - GoogleMaps
  - Google-Maps-iOS-Utils/QuadTree (3.4.0):
    - GoogleMaps
  - GoogleMaps (6.1.0):
    - GoogleMaps/Maps (= 6.1.0)
  - GoogleMaps/Base (6.1.0)
  - GoogleMaps/Maps (6.1.0):
    - GoogleMaps/Base

DEPENDENCIES:
  - Google-Maps-iOS-Utils (= 3.4.0)
  - GoogleMaps (= 6.1.0)

SPEC REPOS:
  trunk:
    - Google-Maps-iOS-Utils
    - GoogleMaps

SPEC CHECKSUMS:
  Google-Maps-iOS-Utils: 2b4971019b7e9b3c92b4635d218552d9e093df4b
  GoogleMaps: cffc5d24ce920063aaeebe6ac4dbaaca1dd7f377

PODFILE CHECKSUM: 2115122bcb7f794856a788aa4b639761f0803b0d

COCOAPODS: 1.11.3
